// !$*UTF8*$!
{
	archiveVersion = 1;
	classes = {
	};
	objectVersion = 46;
	objects = {

/* Begin PBXBuildFile section */
		26EF798A7C616D6BC1825FCE /* Pods_PangerCalendarTests.framework in Frameworks */ = {isa = PBXBuildFile; fileRef = B58D295B3B4041CFCACECC67 /* Pods_PangerCalendarTests.framework */; };
		912E061B1F0E3E9100FAAF6E /* button_misson_state_doing@3x.png in Resources */ = {isa = PBXBuildFile; fileRef = 912E06171F0E3E9100FAAF6E /* button_misson_state_doing@3x.png */; };
		912E061C1F0E3E9100FAAF6E /* button_misson_state_done@3x.png in Resources */ = {isa = PBXBuildFile; fileRef = 912E06181F0E3E9100FAAF6E /* button_misson_state_done@3x.png */; };
		912E061D1F0E3E9100FAAF6E /* button_misson_state_fresh@3x.png in Resources */ = {isa = PBXBuildFile; fileRef = 912E06191F0E3E9100FAAF6E /* button_misson_state_fresh@3x.png */; };
		912E061E1F0E3E9100FAAF6E /* button_misson_state_timeout@3x.png in Resources */ = {isa = PBXBuildFile; fileRef = 912E061A1F0E3E9100FAAF6E /* button_misson_state_timeout@3x.png */; };
		912E06201F0E80D100FAAF6E /* PRMissionDetailViewController.swift in Sources */ = {isa = PBXBuildFile; fileRef = 912E061F1F0E80D100FAAF6E /* PRMissionDetailViewController.swift */; };
		912FB7251F0FAE5F0040CE64 /* PRBaseTextView.swift in Sources */ = {isa = PBXBuildFile; fileRef = 912FB7241F0FAE5F0040CE64 /* PRBaseTextView.swift */; };
		912FB7281F0FC5EB0040CE64 /* button_today_sel@3x.png in Resources */ = {isa = PBXBuildFile; fileRef = 912FB7261F0FC5EB0040CE64 /* button_today_sel@3x.png */; };
		912FB7291F0FC5EB0040CE64 /* button_today_nor@3x.png in Resources */ = {isa = PBXBuildFile; fileRef = 912FB7271F0FC5EB0040CE64 /* button_today_nor@3x.png */; };
		912FB72E1F0FD1510040CE64 /* CalendarDayTodayMark@3x.png in Resources */ = {isa = PBXBuildFile; fileRef = 912FB72D1F0FD1510040CE64 /* CalendarDayTodayMark@3x.png */; };
		912FB7301F0FD2A50040CE64 /* CalendarDayTodaySelected@3x.png in Resources */ = {isa = PBXBuildFile; fileRef = 912FB72F1F0FD2A50040CE64 /* CalendarDayTodaySelected@3x.png */; };
		912FB7321F0FD2E30040CE64 /* CalendarDaySelected@3x.png in Resources */ = {isa = PBXBuildFile; fileRef = 912FB7311F0FD2E30040CE64 /* CalendarDaySelected@3x.png */; };
		913A50D51F0100A9002757AD /* PRBaseView.swift in Sources */ = {isa = PBXBuildFile; fileRef = 913A50D41F0100A9002757AD /* PRBaseView.swift */; };
		9163DD411F0128DF00E709B8 /* close_button_nor@3x.png in Resources */ = {isa = PBXBuildFile; fileRef = 9163DD3F1F0128DF00E709B8 /* close_button_nor@3x.png */; };
		9163DD421F0128DF00E709B8 /* close_button_sel@3x.png in Resources */ = {isa = PBXBuildFile; fileRef = 9163DD401F0128DF00E709B8 /* close_button_sel@3x.png */; };
		9163DD461F012D3700E709B8 /* time_clock@3x.png in Resources */ = {isa = PBXBuildFile; fileRef = 9163DD451F012D3700E709B8 /* time_clock@3x.png */; };
		919209C41F02703800CA5243 /* PRBorderView.swift in Sources */ = {isa = PBXBuildFile; fileRef = 919209C31F02703800CA5243 /* PRBorderView.swift */; };
		919209C71F02747000CA5243 /* add_notice_button_nor@3x.png in Resources */ = {isa = PBXBuildFile; fileRef = 919209C51F02747000CA5243 /* add_notice_button_nor@3x.png */; };
		919209C81F02747000CA5243 /* add_notice_button_sel@3x.png in Resources */ = {isa = PBXBuildFile; fileRef = 919209C61F02747000CA5243 /* add_notice_button_sel@3x.png */; };
		919209CC1F0289E300CA5243 /* PRHuangliDB.swift in Sources */ = {isa = PBXBuildFile; fileRef = 919209CB1F0289E300CA5243 /* PRHuangliDB.swift */; };
		919209CE1F028FCA00CA5243 /* PRMissonsData.swift in Sources */ = {isa = PBXBuildFile; fileRef = 919209CD1F028FCA00CA5243 /* PRMissonsData.swift */; };
		919209E61F03860900CA5243 /* PRMissionNoticeTable.plist in Resources */ = {isa = PBXBuildFile; fileRef = 919209E51F03860900CA5243 /* PRMissionNoticeTable.plist */; };
		919209E91F039A1500CA5243 /* PRUserInfoDB.swift in Sources */ = {isa = PBXBuildFile; fileRef = 919209E81F039A1500CA5243 /* PRUserInfoDB.swift */; };
		919209F01F039F0000CA5243 /* String+Additions.swift in Sources */ = {isa = PBXBuildFile; fileRef = 919209EF1F039F0000CA5243 /* String+Additions.swift */; };
		91BF5EDC1F01382C007993E7 /* PRBaseLabel.swift in Sources */ = {isa = PBXBuildFile; fileRef = 91BF5EDB1F01382C007993E7 /* PRBaseLabel.swift */; };
		91BF5EDE1F013842007993E7 /* PRBaseTextField.swift in Sources */ = {isa = PBXBuildFile; fileRef = 91BF5EDD1F013842007993E7 /* PRBaseTextField.swift */; };
		91BF5EE01F013AE7007993E7 /* PRBaseButton.swift in Sources */ = {isa = PBXBuildFile; fileRef = 91BF5EDF1F013AE7007993E7 /* PRBaseButton.swift */; };
		91BF5EE21F013B18007993E7 /* PRBaseImageView.swift in Sources */ = {isa = PBXBuildFile; fileRef = 91BF5EE11F013B18007993E7 /* PRBaseImageView.swift */; };
		91BF5EE41F0149E6007993E7 /* account_filling@3x.png in Resources */ = {isa = PBXBuildFile; fileRef = 91BF5EE31F0149E6007993E7 /* account_filling@3x.png */; };
		91D4C4BB1F090AD0009A000D /* MeConfigList.plist in Resources */ = {isa = PBXBuildFile; fileRef = 91D4C4BA1F090AD0009A000D /* MeConfigList.plist */; };
		91D4C4BD1F090B5A009A000D /* PRSettingViewController.swift in Sources */ = {isa = PBXBuildFile; fileRef = 91D4C4BC1F090B5A009A000D /* PRSettingViewController.swift */; };
		91D4C4C21F091170009A000D /* tab_mine_nor@3x.png in Resources */ = {isa = PBXBuildFile; fileRef = 91D4C4BE1F091170009A000D /* tab_mine_nor@3x.png */; };
		91D4C4C31F091170009A000D /* tab_mine_sel@3x.png in Resources */ = {isa = PBXBuildFile; fileRef = 91D4C4BF1F091170009A000D /* tab_mine_sel@3x.png */; };
		91D4C4C41F091170009A000D /* tab_remind_nor@3x.png in Resources */ = {isa = PBXBuildFile; fileRef = 91D4C4C01F091170009A000D /* tab_remind_nor@3x.png */; };
		91D4C4C51F091170009A000D /* tab_remind_sel@3x.png in Resources */ = {isa = PBXBuildFile; fileRef = 91D4C4C11F091170009A000D /* tab_remind_sel@3x.png */; };
		91D4C4C81F0911FD009A000D /* account_set_sel@3x.png in Resources */ = {isa = PBXBuildFile; fileRef = 91D4C4C61F0911FD009A000D /* account_set_sel@3x.png */; };
		91D4C4C91F0911FD009A000D /* account_set_nor@3x.png in Resources */ = {isa = PBXBuildFile; fileRef = 91D4C4C71F0911FD009A000D /* account_set_nor@3x.png */; };
		91D4C4CB1F0913AD009A000D /* PRMineListItem.swift in Sources */ = {isa = PBXBuildFile; fileRef = 91D4C4CA1F0913AD009A000D /* PRMineListItem.swift */; };
		91D4C4DA1F091A93009A000D /* account_about_sel@3x.png in Resources */ = {isa = PBXBuildFile; fileRef = 91D4C4D81F091A93009A000D /* account_about_sel@3x.png */; };
		91D4C4DB1F091A93009A000D /* account_about_nor@3x.png in Resources */ = {isa = PBXBuildFile; fileRef = 91D4C4D91F091A93009A000D /* account_about_nor@3x.png */; };
		91D4C4DD1F091AB7009A000D /* PRAboutViewController.swift in Sources */ = {isa = PBXBuildFile; fileRef = 91D4C4DC1F091AB7009A000D /* PRAboutViewController.swift */; };
		91D4C4DF1F091D80009A000D /* NSObject+Additions.swift in Sources */ = {isa = PBXBuildFile; fileRef = 91D4C4DE1F091D80009A000D /* NSObject+Additions.swift */; };
		91D4C4E21F091F93009A000D /* more_data_nor@3x.png in Resources */ = {isa = PBXBuildFile; fileRef = 91D4C4E01F091F93009A000D /* more_data_nor@3x.png */; };
		91D4C4E31F091F93009A000D /* more_data_sel@3x.png in Resources */ = {isa = PBXBuildFile; fileRef = 91D4C4E11F091F93009A000D /* more_data_sel@3x.png */; };
		91D4C4FA1F0A1FA2009A000D /* link_nor@3x.png in Resources */ = {isa = PBXBuildFile; fileRef = 91D4C4F81F0A1FA2009A000D /* link_nor@3x.png */; };
		91D4C4FB1F0A1FA2009A000D /* link_sel@3x.png in Resources */ = {isa = PBXBuildFile; fileRef = 91D4C4F91F0A1FA2009A000D /* link_sel@3x.png */; };
		91D4C5091F0A2EAD009A000D /* PRCustomSettingConfig.plist in Resources */ = {isa = PBXBuildFile; fileRef = 91D4C5081F0A2EAD009A000D /* PRCustomSettingConfig.plist */; };
		91D4C50B1F0A3BF3009A000D /* PRSettingItem.swift in Sources */ = {isa = PBXBuildFile; fileRef = 91D4C50A1F0A3BF3009A000D /* PRSettingItem.swift */; };
		91D4C50D1F0A6B05009A000D /* UserDefaults+Additions.swift in Sources */ = {isa = PBXBuildFile; fileRef = 91D4C50C1F0A6B05009A000D /* UserDefaults+Additions.swift */; };
		9B6359689EDDD23F4EA9321E /* Pods_PangerCalendarUITests.framework in Frameworks */ = {isa = PBXBuildFile; fileRef = 5883086E00ACC3325256CA30 /* Pods_PangerCalendarUITests.framework */; };
		E30612181E059CCC00EE83FC /* PRCalendarMonth.swift in Sources */ = {isa = PBXBuildFile; fileRef = E30612171E059CCC00EE83FC /* PRCalendarMonth.swift */; };
		E30612251E05B4F200EE83FC /* CalendarBackground.png in Resources */ = {isa = PBXBuildFile; fileRef = E306121A1E05B4F200EE83FC /* CalendarBackground.png */; };
		E30612261E05B4F200EE83FC /* CalendarDaySelected.png in Resources */ = {isa = PBXBuildFile; fileRef = E306121B1E05B4F200EE83FC /* CalendarDaySelected.png */; };
		E30612271E05B4F200EE83FC /* CalendarDayTile.png in Resources */ = {isa = PBXBuildFile; fileRef = E306121C1E05B4F200EE83FC /* CalendarDayTile.png */; };
		E30612281E05B4F200EE83FC /* CalendarDayToday.png in Resources */ = {isa = PBXBuildFile; fileRef = E306121D1E05B4F200EE83FC /* CalendarDayToday.png */; };
		E30612291E05B4F200EE83FC /* CalendarDayTodaySelected.png in Resources */ = {isa = PBXBuildFile; fileRef = E306121E1E05B4F200EE83FC /* CalendarDayTodaySelected.png */; };
		E313E78F1E8BFFD8005F5845 /* PRCurrentMonthTitleView.swift in Sources */ = {isa = PBXBuildFile; fileRef = E313E78E1E8BFFD8005F5845 /* PRCurrentMonthTitleView.swift */; };
		E313E7911E8D5F2C005F5845 /* PRDatePickView.swift in Sources */ = {isa = PBXBuildFile; fileRef = E313E7901E8D5F2C005F5845 /* PRDatePickView.swift */; };
		E3237F741EFE9816000A703F /* calendar_more_unfold@3x.png in Resources */ = {isa = PBXBuildFile; fileRef = E3237F721EFE9816000A703F /* calendar_more_unfold@3x.png */; };
		E3237F751EFE9816000A703F /* calendar_more_fold@3x.png in Resources */ = {isa = PBXBuildFile; fileRef = E3237F731EFE9816000A703F /* calendar_more_fold@3x.png */; };
		E3237F7B1EFE9B9B000A703F /* PRBaseViewController.swift in Sources */ = {isa = PBXBuildFile; fileRef = E3237F7A1EFE9B9B000A703F /* PRBaseViewController.swift */; };
		E3237F7D1EFE9BC1000A703F /* PRMissionAddViewController.swift in Sources */ = {isa = PBXBuildFile; fileRef = E3237F7C1EFE9BC1000A703F /* PRMissionAddViewController.swift */; };
		E3237F801EFF661A000A703F /* back_button_nor@3x.png in Resources */ = {isa = PBXBuildFile; fileRef = E3237F7E1EFF661A000A703F /* back_button_nor@3x.png */; };
		E3237F811EFF661A000A703F /* back_button_sel@3x.png in Resources */ = {isa = PBXBuildFile; fileRef = E3237F7F1EFF661A000A703F /* back_button_sel@3x.png */; };
		E3237F831EFF77C5000A703F /* PRUserInfo.swift in Sources */ = {isa = PBXBuildFile; fileRef = E3237F821EFF77C5000A703F /* PRUserInfo.swift */; };
		E3237F851EFF7AD3000A703F /* PRMissionNoticeModel.swift in Sources */ = {isa = PBXBuildFile; fileRef = E3237F841EFF7AD3000A703F /* PRMissionNoticeModel.swift */; };
		E3237F871EFF8A70000A703F /* PRUserModel.swift in Sources */ = {isa = PBXBuildFile; fileRef = E3237F861EFF8A70000A703F /* PRUserModel.swift */; };
		E3237F891F0174D7000A703F /* PRBaseTableView.swift in Sources */ = {isa = PBXBuildFile; fileRef = E3237F881F0174D7000A703F /* PRBaseTableView.swift */; };
		E3237F8B1F017E01000A703F /* PRMineViewController.swift in Sources */ = {isa = PBXBuildFile; fileRef = E3237F8A1F017E01000A703F /* PRMineViewController.swift */; };
		E3237F8E1F0AAD95000A703F /* PRMissionEditViewController.swift in Sources */ = {isa = PBXBuildFile; fileRef = E3237F8D1F0AAD95000A703F /* PRMissionEditViewController.swift */; };
		E3237F901F0AADB9000A703F /* PRTimeLineViewController.swift in Sources */ = {isa = PBXBuildFile; fileRef = E3237F8F1F0AADB9000A703F /* PRTimeLineViewController.swift */; };
		E33B399C1F11084A0053DFA3 /* PRTimePickerView.swift in Sources */ = {isa = PBXBuildFile; fileRef = E33B399B1F11084A0053DFA3 /* PRTimePickerView.swift */; };
		E33B399F1F113CA80053DFA3 /* DateComponents+Additions.swift in Sources */ = {isa = PBXBuildFile; fileRef = E33B399E1F113CA80053DFA3 /* DateComponents+Additions.swift */; };
		E35460311DC5FDB800C05867 /* huangli.sqlite in Resources */ = {isa = PBXBuildFile; fileRef = E35460301DC5FDB800C05867 /* huangli.sqlite */; };
		E35460371DC7A08F00C05867 /* PRDatabaseManager.swift in Sources */ = {isa = PBXBuildFile; fileRef = E35460361DC7A08F00C05867 /* PRDatabaseManager.swift */; };
		E36A18481E864D89006195E3 /* PRPermanentViewController.swift in Sources */ = {isa = PBXBuildFile; fileRef = E36A18471E864D89006195E3 /* PRPermanentViewController.swift */; };
		E36A184A1E864E11006195E3 /* PRMissionListViewController.swift in Sources */ = {isa = PBXBuildFile; fileRef = E36A18491E864E11006195E3 /* PRMissionListViewController.swift */; };
		E36A184D1E864E67006195E3 /* PRAlmanacViewController.swift in Sources */ = {isa = PBXBuildFile; fileRef = E36A184B1E864E67006195E3 /* PRAlmanacViewController.swift */; };
		E36A185B1E8655C7006195E3 /* tab_almanac_nor@3x.png in Resources */ = {isa = PBXBuildFile; fileRef = E36A18551E8655C7006195E3 /* tab_almanac_nor@3x.png */; };
		E36A185C1E8655C7006195E3 /* tab_almanac_sel@3x.png in Resources */ = {isa = PBXBuildFile; fileRef = E36A18561E8655C7006195E3 /* tab_almanac_sel@3x.png */; };
		E36A18651E867063006195E3 /* PRCustomTabBarController.swift in Sources */ = {isa = PBXBuildFile; fileRef = E36A18621E867063006195E3 /* PRCustomTabBarController.swift */; };
		E36A18661E867063006195E3 /* PRNavigationController.swift in Sources */ = {isa = PBXBuildFile; fileRef = E36A18631E867063006195E3 /* PRNavigationController.swift */; };
		E36A18671E867063006195E3 /* PRTabBarController.swift in Sources */ = {isa = PBXBuildFile; fileRef = E36A18641E867063006195E3 /* PRTabBarController.swift */; };
		E36A186B1E867444006195E3 /* Localizable.strings in Resources */ = {isa = PBXBuildFile; fileRef = E36A186D1E867444006195E3 /* Localizable.strings */; };
		E36A18771E875F5D006195E3 /* PRTheme.swift in Sources */ = {isa = PBXBuildFile; fileRef = E36A18761E875F5D006195E3 /* PRTheme.swift */; };
		E36A18791E8762BB006195E3 /* UIColor+Additions.swift in Sources */ = {isa = PBXBuildFile; fileRef = E36A18781E8762BB006195E3 /* UIColor+Additions.swift */; };
		E36A187C1E87758A006195E3 /* CalendarDayTodayMark.png in Resources */ = {isa = PBXBuildFile; fileRef = E36A187E1E87758A006195E3 /* CalendarDayTodayMark.png */; };
		E36A18811E87CB0E006195E3 /* PRCommonConstant.swift in Sources */ = {isa = PBXBuildFile; fileRef = E36A18801E87CB0E006195E3 /* PRCommonConstant.swift */; };
		E36A18831E87E4B4006195E3 /* PRDayDetailView.swift in Sources */ = {isa = PBXBuildFile; fileRef = E36A18821E87E4B4006195E3 /* PRDayDetailView.swift */; };
		E36A18851E88132E006195E3 /* Date+Additions.swift in Sources */ = {isa = PBXBuildFile; fileRef = E36A18841E88132E006195E3 /* Date+Additions.swift */; };
		E376A0001DC5AEDA00C2B383 /* AppDelegate.swift in Sources */ = {isa = PBXBuildFile; fileRef = E3769FFF1DC5AEDA00C2B383 /* AppDelegate.swift */; };
		E376A0071DC5AEDA00C2B383 /* Assets.xcassets in Resources */ = {isa = PBXBuildFile; fileRef = E376A0061DC5AEDA00C2B383 /* Assets.xcassets */; };
		E376A0151DC5AEDA00C2B383 /* PangerCalendarTests.swift in Sources */ = {isa = PBXBuildFile; fileRef = E376A0141DC5AEDA00C2B383 /* PangerCalendarTests.swift */; };
		E376A0201DC5AEDA00C2B383 /* PangerCalendarUITests.swift in Sources */ = {isa = PBXBuildFile; fileRef = E376A01F1DC5AEDA00C2B383 /* PangerCalendarUITests.swift */; };
		E3856A791DC5D28500FEAD80 /* PRDatabaseOperate.swift in Sources */ = {isa = PBXBuildFile; fileRef = E3856A781DC5D28500FEAD80 /* PRDatabaseOperate.swift */; };
		E3856A7B1DC5D69300FEAD80 /* libsqlite3.tbd in Frameworks */ = {isa = PBXBuildFile; fileRef = E3856A7A1DC5D69300FEAD80 /* libsqlite3.tbd */; };
		E3EAAE481E01B0DC001478E4 /* PRCalendarLogic.swift in Sources */ = {isa = PBXBuildFile; fileRef = E3EAAE471E01B0DC001478E4 /* PRCalendarLogic.swift */; };
		E3EAAE4F1E01B12E001478E4 /* PRCalendarView.swift in Sources */ = {isa = PBXBuildFile; fileRef = E3EAAE491E01B12E001478E4 /* PRCalendarView.swift */; };
		E3EAAE501E01B12E001478E4 /* PRChineseFestivalsMgr.swift in Sources */ = {isa = PBXBuildFile; fileRef = E3EAAE4A1E01B12E001478E4 /* PRChineseFestivalsMgr.swift */; };
		E3EAAE511E01B12E001478E4 /* PRLunarDate.swift in Sources */ = {isa = PBXBuildFile; fileRef = E3EAAE4B1E01B12E001478E4 /* PRLunarDate.swift */; };
		E3EAAE521E01B12E001478E4 /* PRSolarTermsFormulaCompute.swift in Sources */ = {isa = PBXBuildFile; fileRef = E3EAAE4C1E01B12E001478E4 /* PRSolarTermsFormulaCompute.swift */; };
		E3EAAE531E01B12E001478E4 /* PRSolarTermsManager.swift in Sources */ = {isa = PBXBuildFile; fileRef = E3EAAE4D1E01B12E001478E4 /* PRSolarTermsManager.swift */; };
		E3EAAE541E01B12E001478E4 /* PRSolarTermsMgr.swift in Sources */ = {isa = PBXBuildFile; fileRef = E3EAAE4E1E01B12E001478E4 /* PRSolarTermsMgr.swift */; };
		E3EAAE561E01B19D001478E4 /* PRCalendarLogicDelegate.swift in Sources */ = {isa = PBXBuildFile; fileRef = E3EAAE551E01B19D001478E4 /* PRCalendarLogicDelegate.swift */; };
		E3F288FE1E0FAFF600974C67 /* PRLunarDateAlgorithm.swift in Sources */ = {isa = PBXBuildFile; fileRef = E3F288FD1E0FAFF600974C67 /* PRLunarDateAlgorithm.swift */; };
		E3F289001E15777800974C67 /* PRCalendarMonthMarkLocation.swift in Sources */ = {isa = PBXBuildFile; fileRef = E3F288FF1E15777800974C67 /* PRCalendarMonthMarkLocation.swift */; };
		E3F8866F1E73FCB000007B01 /* PRCalendarViewDelegate.swift in Sources */ = {isa = PBXBuildFile; fileRef = E3F8866E1E73FCB000007B01 /* PRCalendarViewDelegate.swift */; };
		E3F886711E7401AC00007B01 /* PRCalendarViewScrollDelegate.swift in Sources */ = {isa = PBXBuildFile; fileRef = E3F886701E7401AC00007B01 /* PRCalendarViewScrollDelegate.swift */; };
		E7310C178285360CEB989F02 /* Pods_PangerCalendar.framework in Frameworks */ = {isa = PBXBuildFile; fileRef = E97C820A545E1370FF5AF7FE /* Pods_PangerCalendar.framework */; };
/* End PBXBuildFile section */

/* Begin PBXContainerItemProxy section */
		E376A0111DC5AEDA00C2B383 /* PBXContainerItemProxy */ = {
			isa = PBXContainerItemProxy;
			containerPortal = E3769FF41DC5AEDA00C2B383 /* Project object */;
			proxyType = 1;
			remoteGlobalIDString = E3769FFB1DC5AEDA00C2B383;
			remoteInfo = PangerCalendar;
		};
		E376A01C1DC5AEDA00C2B383 /* PBXContainerItemProxy */ = {
			isa = PBXContainerItemProxy;
			containerPortal = E3769FF41DC5AEDA00C2B383 /* Project object */;
			proxyType = 1;
			remoteGlobalIDString = E3769FFB1DC5AEDA00C2B383;
			remoteInfo = PangerCalendar;
		};
/* End PBXContainerItemProxy section */

/* Begin PBXFileReference section */
		448DB95C066D0CA508FA7B19 /* Pods-PangerCalendarTests.release.xcconfig */ = {isa = PBXFileReference; includeInIndex = 1; lastKnownFileType = text.xcconfig; name = "Pods-PangerCalendarTests.release.xcconfig"; path = "Pods/Target Support Files/Pods-PangerCalendarTests/Pods-PangerCalendarTests.release.xcconfig"; sourceTree = "<group>"; };
		4FD3FFE20DB8262D94A722DA /* Pods-PangerCalendar.release.xcconfig */ = {isa = PBXFileReference; includeInIndex = 1; lastKnownFileType = text.xcconfig; name = "Pods-PangerCalendar.release.xcconfig"; path = "Pods/Target Support Files/Pods-PangerCalendar/Pods-PangerCalendar.release.xcconfig"; sourceTree = "<group>"; };
		5883086E00ACC3325256CA30 /* Pods_PangerCalendarUITests.framework */ = {isa = PBXFileReference; explicitFileType = wrapper.framework; includeInIndex = 0; path = Pods_PangerCalendarUITests.framework; sourceTree = BUILT_PRODUCTS_DIR; };
		67EBC8D145520D245DF22331 /* Pods-PangerCalendarUITests.release.xcconfig */ = {isa = PBXFileReference; includeInIndex = 1; lastKnownFileType = text.xcconfig; name = "Pods-PangerCalendarUITests.release.xcconfig"; path = "Pods/Target Support Files/Pods-PangerCalendarUITests/Pods-PangerCalendarUITests.release.xcconfig"; sourceTree = "<group>"; };
		912E06171F0E3E9100FAAF6E /* button_misson_state_doing@3x.png */ = {isa = PBXFileReference; lastKnownFileType = image.png; path = "button_misson_state_doing@3x.png"; sourceTree = "<group>"; };
		912E06181F0E3E9100FAAF6E /* button_misson_state_done@3x.png */ = {isa = PBXFileReference; lastKnownFileType = image.png; path = "button_misson_state_done@3x.png"; sourceTree = "<group>"; };
		912E06191F0E3E9100FAAF6E /* button_misson_state_fresh@3x.png */ = {isa = PBXFileReference; lastKnownFileType = image.png; path = "button_misson_state_fresh@3x.png"; sourceTree = "<group>"; };
		912E061A1F0E3E9100FAAF6E /* button_misson_state_timeout@3x.png */ = {isa = PBXFileReference; lastKnownFileType = image.png; path = "button_misson_state_timeout@3x.png"; sourceTree = "<group>"; };
		912E061F1F0E80D100FAAF6E /* PRMissionDetailViewController.swift */ = {isa = PBXFileReference; fileEncoding = 4; lastKnownFileType = sourcecode.swift; path = PRMissionDetailViewController.swift; sourceTree = "<group>"; };
		912FB7241F0FAE5F0040CE64 /* PRBaseTextView.swift */ = {isa = PBXFileReference; fileEncoding = 4; lastKnownFileType = sourcecode.swift; path = PRBaseTextView.swift; sourceTree = "<group>"; };
		912FB7261F0FC5EB0040CE64 /* button_today_sel@3x.png */ = {isa = PBXFileReference; lastKnownFileType = image.png; path = "button_today_sel@3x.png"; sourceTree = "<group>"; };
		912FB7271F0FC5EB0040CE64 /* button_today_nor@3x.png */ = {isa = PBXFileReference; lastKnownFileType = image.png; path = "button_today_nor@3x.png"; sourceTree = "<group>"; };
		912FB72D1F0FD1510040CE64 /* CalendarDayTodayMark@3x.png */ = {isa = PBXFileReference; lastKnownFileType = image.png; path = "CalendarDayTodayMark@3x.png"; sourceTree = "<group>"; };
		912FB72F1F0FD2A50040CE64 /* CalendarDayTodaySelected@3x.png */ = {isa = PBXFileReference; lastKnownFileType = image.png; path = "CalendarDayTodaySelected@3x.png"; sourceTree = "<group>"; };
		912FB7311F0FD2E30040CE64 /* CalendarDaySelected@3x.png */ = {isa = PBXFileReference; lastKnownFileType = image.png; path = "CalendarDaySelected@3x.png"; sourceTree = "<group>"; };
		913A50D41F0100A9002757AD /* PRBaseView.swift */ = {isa = PBXFileReference; fileEncoding = 4; lastKnownFileType = sourcecode.swift; path = PRBaseView.swift; sourceTree = "<group>"; };
		9163DD3F1F0128DF00E709B8 /* close_button_nor@3x.png */ = {isa = PBXFileReference; lastKnownFileType = image.png; path = "close_button_nor@3x.png"; sourceTree = "<group>"; };
		9163DD401F0128DF00E709B8 /* close_button_sel@3x.png */ = {isa = PBXFileReference; lastKnownFileType = image.png; path = "close_button_sel@3x.png"; sourceTree = "<group>"; };
		9163DD451F012D3700E709B8 /* time_clock@3x.png */ = {isa = PBXFileReference; lastKnownFileType = image.png; path = "time_clock@3x.png"; sourceTree = "<group>"; };
		919209C31F02703800CA5243 /* PRBorderView.swift */ = {isa = PBXFileReference; fileEncoding = 4; lastKnownFileType = sourcecode.swift; path = PRBorderView.swift; sourceTree = "<group>"; };
		919209C51F02747000CA5243 /* add_notice_button_nor@3x.png */ = {isa = PBXFileReference; lastKnownFileType = image.png; path = "add_notice_button_nor@3x.png"; sourceTree = "<group>"; };
		919209C61F02747000CA5243 /* add_notice_button_sel@3x.png */ = {isa = PBXFileReference; lastKnownFileType = image.png; path = "add_notice_button_sel@3x.png"; sourceTree = "<group>"; };
		919209CB1F0289E300CA5243 /* PRHuangliDB.swift */ = {isa = PBXFileReference; fileEncoding = 4; lastKnownFileType = sourcecode.swift; path = PRHuangliDB.swift; sourceTree = "<group>"; };
		919209CD1F028FCA00CA5243 /* PRMissonsData.swift */ = {isa = PBXFileReference; fileEncoding = 4; lastKnownFileType = sourcecode.swift; path = PRMissonsData.swift; sourceTree = "<group>"; };
		919209E51F03860900CA5243 /* PRMissionNoticeTable.plist */ = {isa = PBXFileReference; fileEncoding = 4; lastKnownFileType = text.plist.xml; path = PRMissionNoticeTable.plist; sourceTree = "<group>"; };
		919209E81F039A1500CA5243 /* PRUserInfoDB.swift */ = {isa = PBXFileReference; fileEncoding = 4; lastKnownFileType = sourcecode.swift; path = PRUserInfoDB.swift; sourceTree = "<group>"; };
		919209EF1F039F0000CA5243 /* String+Additions.swift */ = {isa = PBXFileReference; fileEncoding = 4; lastKnownFileType = sourcecode.swift; path = "String+Additions.swift"; sourceTree = "<group>"; };
		91BF5EDB1F01382C007993E7 /* PRBaseLabel.swift */ = {isa = PBXFileReference; fileEncoding = 4; lastKnownFileType = sourcecode.swift; path = PRBaseLabel.swift; sourceTree = "<group>"; };
		91BF5EDD1F013842007993E7 /* PRBaseTextField.swift */ = {isa = PBXFileReference; fileEncoding = 4; lastKnownFileType = sourcecode.swift; path = PRBaseTextField.swift; sourceTree = "<group>"; };
		91BF5EDF1F013AE7007993E7 /* PRBaseButton.swift */ = {isa = PBXFileReference; fileEncoding = 4; lastKnownFileType = sourcecode.swift; path = PRBaseButton.swift; sourceTree = "<group>"; };
		91BF5EE11F013B18007993E7 /* PRBaseImageView.swift */ = {isa = PBXFileReference; fileEncoding = 4; lastKnownFileType = sourcecode.swift; path = PRBaseImageView.swift; sourceTree = "<group>"; };
		91BF5EE31F0149E6007993E7 /* account_filling@3x.png */ = {isa = PBXFileReference; lastKnownFileType = image.png; path = "account_filling@3x.png"; sourceTree = "<group>"; };
		91D4C4BA1F090AD0009A000D /* MeConfigList.plist */ = {isa = PBXFileReference; fileEncoding = 4; lastKnownFileType = text.plist.xml; path = MeConfigList.plist; sourceTree = "<group>"; };
		91D4C4BC1F090B5A009A000D /* PRSettingViewController.swift */ = {isa = PBXFileReference; fileEncoding = 4; lastKnownFileType = sourcecode.swift; path = PRSettingViewController.swift; sourceTree = "<group>"; };
		91D4C4BE1F091170009A000D /* tab_mine_nor@3x.png */ = {isa = PBXFileReference; lastKnownFileType = image.png; path = "tab_mine_nor@3x.png"; sourceTree = "<group>"; };
		91D4C4BF1F091170009A000D /* tab_mine_sel@3x.png */ = {isa = PBXFileReference; lastKnownFileType = image.png; path = "tab_mine_sel@3x.png"; sourceTree = "<group>"; };
		91D4C4C01F091170009A000D /* tab_remind_nor@3x.png */ = {isa = PBXFileReference; lastKnownFileType = image.png; path = "tab_remind_nor@3x.png"; sourceTree = "<group>"; };
		91D4C4C11F091170009A000D /* tab_remind_sel@3x.png */ = {isa = PBXFileReference; lastKnownFileType = image.png; path = "tab_remind_sel@3x.png"; sourceTree = "<group>"; };
		91D4C4C61F0911FD009A000D /* account_set_sel@3x.png */ = {isa = PBXFileReference; lastKnownFileType = image.png; path = "account_set_sel@3x.png"; sourceTree = "<group>"; };
		91D4C4C71F0911FD009A000D /* account_set_nor@3x.png */ = {isa = PBXFileReference; lastKnownFileType = image.png; path = "account_set_nor@3x.png"; sourceTree = "<group>"; };
		91D4C4CA1F0913AD009A000D /* PRMineListItem.swift */ = {isa = PBXFileReference; fileEncoding = 4; lastKnownFileType = sourcecode.swift; path = PRMineListItem.swift; sourceTree = "<group>"; };
		91D4C4D81F091A93009A000D /* account_about_sel@3x.png */ = {isa = PBXFileReference; lastKnownFileType = image.png; path = "account_about_sel@3x.png"; sourceTree = "<group>"; };
		91D4C4D91F091A93009A000D /* account_about_nor@3x.png */ = {isa = PBXFileReference; lastKnownFileType = image.png; path = "account_about_nor@3x.png"; sourceTree = "<group>"; };
		91D4C4DC1F091AB7009A000D /* PRAboutViewController.swift */ = {isa = PBXFileReference; fileEncoding = 4; lastKnownFileType = sourcecode.swift; path = PRAboutViewController.swift; sourceTree = "<group>"; };
		91D4C4DE1F091D80009A000D /* NSObject+Additions.swift */ = {isa = PBXFileReference; fileEncoding = 4; lastKnownFileType = sourcecode.swift; path = "NSObject+Additions.swift"; sourceTree = "<group>"; };
		91D4C4E01F091F93009A000D /* more_data_nor@3x.png */ = {isa = PBXFileReference; lastKnownFileType = image.png; path = "more_data_nor@3x.png"; sourceTree = "<group>"; };
		91D4C4E11F091F93009A000D /* more_data_sel@3x.png */ = {isa = PBXFileReference; lastKnownFileType = image.png; path = "more_data_sel@3x.png"; sourceTree = "<group>"; };
		91D4C4F81F0A1FA2009A000D /* link_nor@3x.png */ = {isa = PBXFileReference; lastKnownFileType = image.png; path = "link_nor@3x.png"; sourceTree = "<group>"; };
		91D4C4F91F0A1FA2009A000D /* link_sel@3x.png */ = {isa = PBXFileReference; lastKnownFileType = image.png; path = "link_sel@3x.png"; sourceTree = "<group>"; };
		91D4C5081F0A2EAD009A000D /* PRCustomSettingConfig.plist */ = {isa = PBXFileReference; fileEncoding = 4; lastKnownFileType = text.plist.xml; path = PRCustomSettingConfig.plist; sourceTree = "<group>"; };
		91D4C50A1F0A3BF3009A000D /* PRSettingItem.swift */ = {isa = PBXFileReference; fileEncoding = 4; lastKnownFileType = sourcecode.swift; path = PRSettingItem.swift; sourceTree = "<group>"; };
		91D4C50C1F0A6B05009A000D /* UserDefaults+Additions.swift */ = {isa = PBXFileReference; fileEncoding = 4; lastKnownFileType = sourcecode.swift; path = "UserDefaults+Additions.swift"; sourceTree = "<group>"; };
		B58D295B3B4041CFCACECC67 /* Pods_PangerCalendarTests.framework */ = {isa = PBXFileReference; explicitFileType = wrapper.framework; includeInIndex = 0; path = Pods_PangerCalendarTests.framework; sourceTree = BUILT_PRODUCTS_DIR; };
		B8EC0B514E480A8B103CF244 /* Pods-PangerCalendarUITests.debug.xcconfig */ = {isa = PBXFileReference; includeInIndex = 1; lastKnownFileType = text.xcconfig; name = "Pods-PangerCalendarUITests.debug.xcconfig"; path = "Pods/Target Support Files/Pods-PangerCalendarUITests/Pods-PangerCalendarUITests.debug.xcconfig"; sourceTree = "<group>"; };
		E30612171E059CCC00EE83FC /* PRCalendarMonth.swift */ = {isa = PBXFileReference; fileEncoding = 4; lastKnownFileType = sourcecode.swift; path = PRCalendarMonth.swift; sourceTree = "<group>"; };
		E306121A1E05B4F200EE83FC /* CalendarBackground.png */ = {isa = PBXFileReference; lastKnownFileType = image.png; path = CalendarBackground.png; sourceTree = "<group>"; };
		E306121B1E05B4F200EE83FC /* CalendarDaySelected.png */ = {isa = PBXFileReference; lastKnownFileType = image.png; path = CalendarDaySelected.png; sourceTree = "<group>"; };
		E306121C1E05B4F200EE83FC /* CalendarDayTile.png */ = {isa = PBXFileReference; lastKnownFileType = image.png; path = CalendarDayTile.png; sourceTree = "<group>"; };
		E306121D1E05B4F200EE83FC /* CalendarDayToday.png */ = {isa = PBXFileReference; lastKnownFileType = image.png; path = CalendarDayToday.png; sourceTree = "<group>"; };
		E306121E1E05B4F200EE83FC /* CalendarDayTodaySelected.png */ = {isa = PBXFileReference; lastKnownFileType = image.png; path = CalendarDayTodaySelected.png; sourceTree = "<group>"; };
		E313E78E1E8BFFD8005F5845 /* PRCurrentMonthTitleView.swift */ = {isa = PBXFileReference; fileEncoding = 4; lastKnownFileType = sourcecode.swift; name = PRCurrentMonthTitleView.swift; path = ../View/PRCurrentMonthTitleView.swift; sourceTree = "<group>"; };
		E313E7901E8D5F2C005F5845 /* PRDatePickView.swift */ = {isa = PBXFileReference; fileEncoding = 4; lastKnownFileType = sourcecode.swift; name = PRDatePickView.swift; path = ../View/PRDatePickView.swift; sourceTree = "<group>"; };
		E3237F721EFE9816000A703F /* calendar_more_unfold@3x.png */ = {isa = PBXFileReference; lastKnownFileType = image.png; path = "calendar_more_unfold@3x.png"; sourceTree = "<group>"; };
		E3237F731EFE9816000A703F /* calendar_more_fold@3x.png */ = {isa = PBXFileReference; lastKnownFileType = image.png; path = "calendar_more_fold@3x.png"; sourceTree = "<group>"; };
		E3237F7A1EFE9B9B000A703F /* PRBaseViewController.swift */ = {isa = PBXFileReference; fileEncoding = 4; lastKnownFileType = sourcecode.swift; path = PRBaseViewController.swift; sourceTree = "<group>"; };
		E3237F7C1EFE9BC1000A703F /* PRMissionAddViewController.swift */ = {isa = PBXFileReference; fileEncoding = 4; lastKnownFileType = sourcecode.swift; path = PRMissionAddViewController.swift; sourceTree = "<group>"; };
		E3237F7E1EFF661A000A703F /* back_button_nor@3x.png */ = {isa = PBXFileReference; lastKnownFileType = image.png; path = "back_button_nor@3x.png"; sourceTree = "<group>"; };
		E3237F7F1EFF661A000A703F /* back_button_sel@3x.png */ = {isa = PBXFileReference; lastKnownFileType = image.png; path = "back_button_sel@3x.png"; sourceTree = "<group>"; };
		E3237F821EFF77C5000A703F /* PRUserInfo.swift */ = {isa = PBXFileReference; fileEncoding = 4; lastKnownFileType = sourcecode.swift; name = PRUserInfo.swift; path = ../Utils/PRUserInfo.swift; sourceTree = "<group>"; };
		E3237F841EFF7AD3000A703F /* PRMissionNoticeModel.swift */ = {isa = PBXFileReference; fileEncoding = 4; lastKnownFileType = sourcecode.swift; path = PRMissionNoticeModel.swift; sourceTree = "<group>"; };
		E3237F861EFF8A70000A703F /* PRUserModel.swift */ = {isa = PBXFileReference; fileEncoding = 4; lastKnownFileType = sourcecode.swift; path = PRUserModel.swift; sourceTree = "<group>"; };
		E3237F881F0174D7000A703F /* PRBaseTableView.swift */ = {isa = PBXFileReference; fileEncoding = 4; lastKnownFileType = sourcecode.swift; path = PRBaseTableView.swift; sourceTree = "<group>"; };
		E3237F8A1F017E01000A703F /* PRMineViewController.swift */ = {isa = PBXFileReference; fileEncoding = 4; lastKnownFileType = sourcecode.swift; path = PRMineViewController.swift; sourceTree = "<group>"; };
		E3237F8D1F0AAD95000A703F /* PRMissionEditViewController.swift */ = {isa = PBXFileReference; fileEncoding = 4; lastKnownFileType = sourcecode.swift; path = PRMissionEditViewController.swift; sourceTree = "<group>"; };
		E3237F8F1F0AADB9000A703F /* PRTimeLineViewController.swift */ = {isa = PBXFileReference; fileEncoding = 4; lastKnownFileType = sourcecode.swift; path = PRTimeLineViewController.swift; sourceTree = "<group>"; };
		E333A1FDD7A1C6F7CC1CAAD4 /* Pods-PangerCalendarTests.debug.xcconfig */ = {isa = PBXFileReference; includeInIndex = 1; lastKnownFileType = text.xcconfig; name = "Pods-PangerCalendarTests.debug.xcconfig"; path = "Pods/Target Support Files/Pods-PangerCalendarTests/Pods-PangerCalendarTests.debug.xcconfig"; sourceTree = "<group>"; };
		E33B399B1F11084A0053DFA3 /* PRTimePickerView.swift */ = {isa = PBXFileReference; fileEncoding = 4; lastKnownFileType = sourcecode.swift; path = PRTimePickerView.swift; sourceTree = "<group>"; };
		E33B399E1F113CA80053DFA3 /* DateComponents+Additions.swift */ = {isa = PBXFileReference; fileEncoding = 4; lastKnownFileType = sourcecode.swift; path = "DateComponents+Additions.swift"; sourceTree = "<group>"; };
		E35460301DC5FDB800C05867 /* huangli.sqlite */ = {isa = PBXFileReference; lastKnownFileType = file; path = huangli.sqlite; sourceTree = "<group>"; };
		E35460331DC7A00C00C05867 /* PRBridgeHeader.h */ = {isa = PBXFileReference; fileEncoding = 4; lastKnownFileType = sourcecode.c.h; path = PRBridgeHeader.h; sourceTree = "<group>"; };
		E35460361DC7A08F00C05867 /* PRDatabaseManager.swift */ = {isa = PBXFileReference; fileEncoding = 4; lastKnownFileType = sourcecode.swift; path = PRDatabaseManager.swift; sourceTree = "<group>"; };
		E36A18471E864D89006195E3 /* PRPermanentViewController.swift */ = {isa = PBXFileReference; fileEncoding = 4; lastKnownFileType = sourcecode.swift; path = PRPermanentViewController.swift; sourceTree = "<group>"; };
		E36A18491E864E11006195E3 /* PRMissionListViewController.swift */ = {isa = PBXFileReference; fileEncoding = 4; lastKnownFileType = sourcecode.swift; path = PRMissionListViewController.swift; sourceTree = "<group>"; };
		E36A184B1E864E67006195E3 /* PRAlmanacViewController.swift */ = {isa = PBXFileReference; fileEncoding = 4; lastKnownFileType = sourcecode.swift; path = PRAlmanacViewController.swift; sourceTree = "<group>"; };
		E36A18551E8655C7006195E3 /* tab_almanac_nor@3x.png */ = {isa = PBXFileReference; lastKnownFileType = image.png; path = "tab_almanac_nor@3x.png"; sourceTree = "<group>"; };
		E36A18561E8655C7006195E3 /* tab_almanac_sel@3x.png */ = {isa = PBXFileReference; lastKnownFileType = image.png; path = "tab_almanac_sel@3x.png"; sourceTree = "<group>"; };
		E36A18621E867063006195E3 /* PRCustomTabBarController.swift */ = {isa = PBXFileReference; fileEncoding = 4; lastKnownFileType = sourcecode.swift; path = PRCustomTabBarController.swift; sourceTree = "<group>"; };
		E36A18631E867063006195E3 /* PRNavigationController.swift */ = {isa = PBXFileReference; fileEncoding = 4; lastKnownFileType = sourcecode.swift; path = PRNavigationController.swift; sourceTree = "<group>"; };
		E36A18641E867063006195E3 /* PRTabBarController.swift */ = {isa = PBXFileReference; fileEncoding = 4; lastKnownFileType = sourcecode.swift; path = PRTabBarController.swift; sourceTree = "<group>"; };
		E36A186E1E86748A006195E3 /* zh-Hans */ = {isa = PBXFileReference; lastKnownFileType = text.plist.strings; name = "zh-Hans"; path = "zh-Hans.lproj/Localizable.strings"; sourceTree = "<group>"; };
		E36A186F1E867490006195E3 /* zh-Hant */ = {isa = PBXFileReference; lastKnownFileType = text.plist.strings; name = "zh-Hant"; path = "zh-Hant.lproj/Localizable.strings"; sourceTree = "<group>"; };
		E36A18721E86B7C9006195E3 /* Masonry.framework */ = {isa = PBXFileReference; lastKnownFileType = wrapper.framework; name = Masonry.framework; path = "../../../../Library/Developer/Xcode/DerivedData/PangerCalendar-akwxhkhpjdmghvfhtvltzxzihjow/Build/Products/Debug-iphonesimulator/Masonry/Masonry.framework"; sourceTree = "<group>"; };
		E36A18741E86B7CF006195E3 /* FMDB.framework */ = {isa = PBXFileReference; lastKnownFileType = wrapper.framework; name = FMDB.framework; path = "../../../../Library/Developer/Xcode/DerivedData/PangerCalendar-akwxhkhpjdmghvfhtvltzxzihjow/Build/Products/Debug-iphonesimulator/FMDB/FMDB.framework"; sourceTree = "<group>"; };
		E36A18761E875F5D006195E3 /* PRTheme.swift */ = {isa = PBXFileReference; fileEncoding = 4; lastKnownFileType = sourcecode.swift; path = PRTheme.swift; sourceTree = "<group>"; };
		E36A18781E8762BB006195E3 /* UIColor+Additions.swift */ = {isa = PBXFileReference; fileEncoding = 4; lastKnownFileType = sourcecode.swift; path = "UIColor+Additions.swift"; sourceTree = "<group>"; };
		E36A187D1E87758A006195E3 /* zh-Hant */ = {isa = PBXFileReference; lastKnownFileType = image.png; name = "zh-Hant"; path = "zh-Hant.lproj/CalendarDayTodayMark.png"; sourceTree = "<group>"; };
		E36A187F1E877590006195E3 /* zh-Hans */ = {isa = PBXFileReference; lastKnownFileType = image.png; name = "zh-Hans"; path = "zh-Hans.lproj/CalendarDayTodayMark.png"; sourceTree = "<group>"; };
		E36A18801E87CB0E006195E3 /* PRCommonConstant.swift */ = {isa = PBXFileReference; fileEncoding = 4; lastKnownFileType = sourcecode.swift; path = PRCommonConstant.swift; sourceTree = "<group>"; };
		E36A18821E87E4B4006195E3 /* PRDayDetailView.swift */ = {isa = PBXFileReference; fileEncoding = 4; lastKnownFileType = sourcecode.swift; name = PRDayDetailView.swift; path = ../View/PRDayDetailView.swift; sourceTree = "<group>"; };
		E36A18841E88132E006195E3 /* Date+Additions.swift */ = {isa = PBXFileReference; fileEncoding = 4; lastKnownFileType = sourcecode.swift; path = "Date+Additions.swift"; sourceTree = "<group>"; };
		E3769FFC1DC5AEDA00C2B383 /* PangerCalendar.app */ = {isa = PBXFileReference; explicitFileType = wrapper.application; includeInIndex = 0; path = PangerCalendar.app; sourceTree = BUILT_PRODUCTS_DIR; };
		E3769FFF1DC5AEDA00C2B383 /* AppDelegate.swift */ = {isa = PBXFileReference; lastKnownFileType = sourcecode.swift; path = AppDelegate.swift; sourceTree = "<group>"; };
		E376A0061DC5AEDA00C2B383 /* Assets.xcassets */ = {isa = PBXFileReference; lastKnownFileType = folder.assetcatalog; path = Assets.xcassets; sourceTree = "<group>"; };
		E376A00B1DC5AEDA00C2B383 /* Info.plist */ = {isa = PBXFileReference; lastKnownFileType = text.plist.xml; path = Info.plist; sourceTree = "<group>"; };
		E376A0101DC5AEDA00C2B383 /* PangerCalendarTests.xctest */ = {isa = PBXFileReference; explicitFileType = wrapper.cfbundle; includeInIndex = 0; path = PangerCalendarTests.xctest; sourceTree = BUILT_PRODUCTS_DIR; };
		E376A0141DC5AEDA00C2B383 /* PangerCalendarTests.swift */ = {isa = PBXFileReference; lastKnownFileType = sourcecode.swift; path = PangerCalendarTests.swift; sourceTree = "<group>"; };
		E376A0161DC5AEDA00C2B383 /* Info.plist */ = {isa = PBXFileReference; lastKnownFileType = text.plist.xml; path = Info.plist; sourceTree = "<group>"; };
		E376A01B1DC5AEDA00C2B383 /* PangerCalendarUITests.xctest */ = {isa = PBXFileReference; explicitFileType = wrapper.cfbundle; includeInIndex = 0; path = PangerCalendarUITests.xctest; sourceTree = BUILT_PRODUCTS_DIR; };
		E376A01F1DC5AEDA00C2B383 /* PangerCalendarUITests.swift */ = {isa = PBXFileReference; lastKnownFileType = sourcecode.swift; path = PangerCalendarUITests.swift; sourceTree = "<group>"; };
		E376A0211DC5AEDA00C2B383 /* Info.plist */ = {isa = PBXFileReference; lastKnownFileType = text.plist.xml; path = Info.plist; sourceTree = "<group>"; };
		E3856A781DC5D28500FEAD80 /* PRDatabaseOperate.swift */ = {isa = PBXFileReference; fileEncoding = 4; lastKnownFileType = sourcecode.swift; path = PRDatabaseOperate.swift; sourceTree = "<group>"; };
		E3856A7A1DC5D69300FEAD80 /* libsqlite3.tbd */ = {isa = PBXFileReference; lastKnownFileType = "sourcecode.text-based-dylib-definition"; name = libsqlite3.tbd; path = usr/lib/libsqlite3.tbd; sourceTree = SDKROOT; };
		E3EAAE471E01B0DC001478E4 /* PRCalendarLogic.swift */ = {isa = PBXFileReference; fileEncoding = 4; lastKnownFileType = sourcecode.swift; name = PRCalendarLogic.swift; path = PangerCalendar/Class/Module/PRCalendarLogic.swift; sourceTree = SOURCE_ROOT; };
		E3EAAE491E01B12E001478E4 /* PRCalendarView.swift */ = {isa = PBXFileReference; fileEncoding = 4; lastKnownFileType = sourcecode.swift; name = PRCalendarView.swift; path = PangerCalendar/Class/Module/PRCalendarView.swift; sourceTree = SOURCE_ROOT; };
		E3EAAE4A1E01B12E001478E4 /* PRChineseFestivalsMgr.swift */ = {isa = PBXFileReference; fileEncoding = 4; lastKnownFileType = sourcecode.swift; name = PRChineseFestivalsMgr.swift; path = PangerCalendar/Class/Module/PRChineseFestivalsMgr.swift; sourceTree = SOURCE_ROOT; };
		E3EAAE4B1E01B12E001478E4 /* PRLunarDate.swift */ = {isa = PBXFileReference; fileEncoding = 4; lastKnownFileType = sourcecode.swift; name = PRLunarDate.swift; path = PangerCalendar/Class/Module/PRLunarDate.swift; sourceTree = SOURCE_ROOT; };
		E3EAAE4C1E01B12E001478E4 /* PRSolarTermsFormulaCompute.swift */ = {isa = PBXFileReference; fileEncoding = 4; lastKnownFileType = sourcecode.swift; name = PRSolarTermsFormulaCompute.swift; path = PangerCalendar/Class/Module/PRSolarTermsFormulaCompute.swift; sourceTree = SOURCE_ROOT; };
		E3EAAE4D1E01B12E001478E4 /* PRSolarTermsManager.swift */ = {isa = PBXFileReference; fileEncoding = 4; lastKnownFileType = sourcecode.swift; name = PRSolarTermsManager.swift; path = PangerCalendar/Class/Module/PRSolarTermsManager.swift; sourceTree = SOURCE_ROOT; };
		E3EAAE4E1E01B12E001478E4 /* PRSolarTermsMgr.swift */ = {isa = PBXFileReference; fileEncoding = 4; lastKnownFileType = sourcecode.swift; name = PRSolarTermsMgr.swift; path = PangerCalendar/Class/Module/PRSolarTermsMgr.swift; sourceTree = SOURCE_ROOT; };
		E3EAAE551E01B19D001478E4 /* PRCalendarLogicDelegate.swift */ = {isa = PBXFileReference; fileEncoding = 4; lastKnownFileType = sourcecode.swift; path = PRCalendarLogicDelegate.swift; sourceTree = "<group>"; };
		E3F288FD1E0FAFF600974C67 /* PRLunarDateAlgorithm.swift */ = {isa = PBXFileReference; fileEncoding = 4; lastKnownFileType = sourcecode.swift; path = PRLunarDateAlgorithm.swift; sourceTree = "<group>"; };
		E3F288FF1E15777800974C67 /* PRCalendarMonthMarkLocation.swift */ = {isa = PBXFileReference; fileEncoding = 4; lastKnownFileType = sourcecode.swift; path = PRCalendarMonthMarkLocation.swift; sourceTree = "<group>"; };
		E3F8866E1E73FCB000007B01 /* PRCalendarViewDelegate.swift */ = {isa = PBXFileReference; fileEncoding = 4; lastKnownFileType = sourcecode.swift; path = PRCalendarViewDelegate.swift; sourceTree = "<group>"; };
		E3F886701E7401AC00007B01 /* PRCalendarViewScrollDelegate.swift */ = {isa = PBXFileReference; fileEncoding = 4; lastKnownFileType = sourcecode.swift; path = PRCalendarViewScrollDelegate.swift; sourceTree = "<group>"; };
		E895E1F8E3ECFCF0121FFFC0 /* Pods-PangerCalendar.debug.xcconfig */ = {isa = PBXFileReference; includeInIndex = 1; lastKnownFileType = text.xcconfig; name = "Pods-PangerCalendar.debug.xcconfig"; path = "Pods/Target Support Files/Pods-PangerCalendar/Pods-PangerCalendar.debug.xcconfig"; sourceTree = "<group>"; };
		E97C820A545E1370FF5AF7FE /* Pods_PangerCalendar.framework */ = {isa = PBXFileReference; explicitFileType = wrapper.framework; includeInIndex = 0; path = Pods_PangerCalendar.framework; sourceTree = BUILT_PRODUCTS_DIR; };
/* End PBXFileReference section */

/* Begin PBXFrameworksBuildPhase section */
		E3769FF91DC5AEDA00C2B383 /* Frameworks */ = {
			isa = PBXFrameworksBuildPhase;
			buildActionMask = 2147483647;
			files = (
				E3856A7B1DC5D69300FEAD80 /* libsqlite3.tbd in Frameworks */,
				E7310C178285360CEB989F02 /* Pods_PangerCalendar.framework in Frameworks */,
			);
			runOnlyForDeploymentPostprocessing = 0;
		};
		E376A00D1DC5AEDA00C2B383 /* Frameworks */ = {
			isa = PBXFrameworksBuildPhase;
			buildActionMask = 2147483647;
			files = (
				26EF798A7C616D6BC1825FCE /* Pods_PangerCalendarTests.framework in Frameworks */,
			);
			runOnlyForDeploymentPostprocessing = 0;
		};
		E376A0181DC5AEDA00C2B383 /* Frameworks */ = {
			isa = PBXFrameworksBuildPhase;
			buildActionMask = 2147483647;
			files = (
				9B6359689EDDD23F4EA9321E /* Pods_PangerCalendarUITests.framework in Frameworks */,
			);
			runOnlyForDeploymentPostprocessing = 0;
		};
/* End PBXFrameworksBuildPhase section */

/* Begin PBXGroup section */
		38379E29025316937432CF29 /* Pods */ = {
			isa = PBXGroup;
			children = (
				E895E1F8E3ECFCF0121FFFC0 /* Pods-PangerCalendar.debug.xcconfig */,
				4FD3FFE20DB8262D94A722DA /* Pods-PangerCalendar.release.xcconfig */,
				E333A1FDD7A1C6F7CC1CAAD4 /* Pods-PangerCalendarTests.debug.xcconfig */,
				448DB95C066D0CA508FA7B19 /* Pods-PangerCalendarTests.release.xcconfig */,
				B8EC0B514E480A8B103CF244 /* Pods-PangerCalendarUITests.debug.xcconfig */,
				67EBC8D145520D245DF22331 /* Pods-PangerCalendarUITests.release.xcconfig */,
			);
			name = Pods;
			sourceTree = "<group>";
		};
		919209E71F03860F00CA5243 /* Config */ = {
			isa = PBXGroup;
			children = (
				919209E51F03860900CA5243 /* PRMissionNoticeTable.plist */,
				91D4C4BA1F090AD0009A000D /* MeConfigList.plist */,
				91D4C5081F0A2EAD009A000D /* PRCustomSettingConfig.plist */,
			);
			name = Config;
			sourceTree = "<group>";
		};
		919209EA1F039E8C00CA5243 /* Extension */ = {
			isa = PBXGroup;
			children = (
				91D4C4DE1F091D80009A000D /* NSObject+Additions.swift */,
				E36A18781E8762BB006195E3 /* UIColor+Additions.swift */,
				E36A18841E88132E006195E3 /* Date+Additions.swift */,
				E33B399E1F113CA80053DFA3 /* DateComponents+Additions.swift */,
				919209EF1F039F0000CA5243 /* String+Additions.swift */,
				91D4C50C1F0A6B05009A000D /* UserDefaults+Additions.swift */,
			);
			name = Extension;
			sourceTree = "<group>";
		};
		919209EB1F039E9200CA5243 /* DataBase */ = {
			isa = PBXGroup;
			children = (
				E3856A781DC5D28500FEAD80 /* PRDatabaseOperate.swift */,
				E35460361DC7A08F00C05867 /* PRDatabaseManager.swift */,
				919209CB1F0289E300CA5243 /* PRHuangliDB.swift */,
				919209E81F039A1500CA5243 /* PRUserInfoDB.swift */,
				919209CD1F028FCA00CA5243 /* PRMissonsData.swift */,
			);
			name = DataBase;
			sourceTree = "<group>";
		};
		CFE0C8695219B46EEBF7C746 /* Frameworks */ = {
			isa = PBXGroup;
			children = (
				E36A18741E86B7CF006195E3 /* FMDB.framework */,
				E36A18721E86B7C9006195E3 /* Masonry.framework */,
				E3856A7A1DC5D69300FEAD80 /* libsqlite3.tbd */,
				E97C820A545E1370FF5AF7FE /* Pods_PangerCalendar.framework */,
				B58D295B3B4041CFCACECC67 /* Pods_PangerCalendarTests.framework */,
				5883086E00ACC3325256CA30 /* Pods_PangerCalendarUITests.framework */,
			);
			name = Frameworks;
			sourceTree = "<group>";
		};
		E30612191E05B4F200EE83FC /* Images */ = {
			isa = PBXGroup;
			children = (
				912FB7311F0FD2E30040CE64 /* CalendarDaySelected@3x.png */,
				912FB72F1F0FD2A50040CE64 /* CalendarDayTodaySelected@3x.png */,
				912FB72D1F0FD1510040CE64 /* CalendarDayTodayMark@3x.png */,
				E306121A1E05B4F200EE83FC /* CalendarBackground.png */,
				E306121B1E05B4F200EE83FC /* CalendarDaySelected.png */,
				E306121C1E05B4F200EE83FC /* CalendarDayTile.png */,
				E306121D1E05B4F200EE83FC /* CalendarDayToday.png */,
				E306121E1E05B4F200EE83FC /* CalendarDayTodaySelected.png */,
				E36A187E1E87758A006195E3 /* CalendarDayTodayMark.png */,
			);
			name = Images;
			path = PangerCalendar/Class/Module/Images;
			sourceTree = SOURCE_ROOT;
		};
		E3237F761EFE9A83000A703F /* Permanent */ = {
			isa = PBXGroup;
			children = (
				E36A18471E864D89006195E3 /* PRPermanentViewController.swift */,
				E3237F791EFE9AD6000A703F /* View */,
			);
			name = Permanent;
			sourceTree = "<group>";
		};
		E3237F771EFE9AA8000A703F /* Notice */ = {
			isa = PBXGroup;
			children = (
				E33B399D1F1136330053DFA3 /* View */,
				912E061F1F0E80D100FAAF6E /* PRMissionDetailViewController.swift */,
				E36A18491E864E11006195E3 /* PRMissionListViewController.swift */,
				E3237F7C1EFE9BC1000A703F /* PRMissionAddViewController.swift */,
				E3237F8D1F0AAD95000A703F /* PRMissionEditViewController.swift */,
			);
			name = Notice;
			sourceTree = "<group>";
		};
		E3237F781EFE9ABA000A703F /* Almanac */ = {
			isa = PBXGroup;
			children = (
				E36A184B1E864E67006195E3 /* PRAlmanacViewController.swift */,
			);
			name = Almanac;
			sourceTree = "<group>";
		};
		E3237F791EFE9AD6000A703F /* View */ = {
			isa = PBXGroup;
			children = (
				E313E78E1E8BFFD8005F5845 /* PRCurrentMonthTitleView.swift */,
				E313E7901E8D5F2C005F5845 /* PRDatePickView.swift */,
				E36A18821E87E4B4006195E3 /* PRDayDetailView.swift */,
			);
			name = View;
			sourceTree = "<group>";
		};
		E3237F8C1F017E0A000A703F /* Mine */ = {
			isa = PBXGroup;
			children = (
				E3237F8A1F017E01000A703F /* PRMineViewController.swift */,
				91D4C4BC1F090B5A009A000D /* PRSettingViewController.swift */,
				91D4C4DC1F091AB7009A000D /* PRAboutViewController.swift */,
				E3237F8F1F0AADB9000A703F /* PRTimeLineViewController.swift */,
			);
			name = Mine;
			sourceTree = "<group>";
		};
		E33B399D1F1136330053DFA3 /* View */ = {
			isa = PBXGroup;
			children = (
				E33B399B1F11084A0053DFA3 /* PRTimePickerView.swift */,
			);
			name = View;
			sourceTree = "<group>";
		};
		E35460351DC7A04C00C05867 /* Bridge */ = {
			isa = PBXGroup;
			children = (
				E35460331DC7A00C00C05867 /* PRBridgeHeader.h */,
			);
			name = Bridge;
			sourceTree = "<group>";
		};
		E36A185D1E8655CD006195E3 /* Image */ = {
			isa = PBXGroup;
			children = (
				912FB7261F0FC5EB0040CE64 /* button_today_sel@3x.png */,
				912FB7271F0FC5EB0040CE64 /* button_today_nor@3x.png */,
				912E06171F0E3E9100FAAF6E /* button_misson_state_doing@3x.png */,
				912E06181F0E3E9100FAAF6E /* button_misson_state_done@3x.png */,
				912E06191F0E3E9100FAAF6E /* button_misson_state_fresh@3x.png */,
				912E061A1F0E3E9100FAAF6E /* button_misson_state_timeout@3x.png */,
				919209C51F02747000CA5243 /* add_notice_button_nor@3x.png */,
				919209C61F02747000CA5243 /* add_notice_button_sel@3x.png */,
				9163DD3F1F0128DF00E709B8 /* close_button_nor@3x.png */,
				9163DD401F0128DF00E709B8 /* close_button_sel@3x.png */,
				E3237F7E1EFF661A000A703F /* back_button_nor@3x.png */,
				E3237F7F1EFF661A000A703F /* back_button_sel@3x.png */,
				E3237F721EFE9816000A703F /* calendar_more_unfold@3x.png */,
				E3237F731EFE9816000A703F /* calendar_more_fold@3x.png */,
				E36A18551E8655C7006195E3 /* tab_almanac_nor@3x.png */,
				E36A18561E8655C7006195E3 /* tab_almanac_sel@3x.png */,
				91D4C4BE1F091170009A000D /* tab_mine_nor@3x.png */,
				91D4C4BF1F091170009A000D /* tab_mine_sel@3x.png */,
				91D4C4C01F091170009A000D /* tab_remind_nor@3x.png */,
				91D4C4C11F091170009A000D /* tab_remind_sel@3x.png */,
				91BF5EE31F0149E6007993E7 /* account_filling@3x.png */,
				91D4C4C61F0911FD009A000D /* account_set_sel@3x.png */,
				91D4C4C71F0911FD009A000D /* account_set_nor@3x.png */,
				91D4C4D81F091A93009A000D /* account_about_sel@3x.png */,
				91D4C4D91F091A93009A000D /* account_about_nor@3x.png */,
				91D4C4E01F091F93009A000D /* more_data_nor@3x.png */,
				91D4C4E11F091F93009A000D /* more_data_sel@3x.png */,
				91D4C4F81F0A1FA2009A000D /* link_nor@3x.png */,
				91D4C4F91F0A1FA2009A000D /* link_sel@3x.png */,
				9163DD451F012D3700E709B8 /* time_clock@3x.png */,
			);
			name = Image;
			sourceTree = "<group>";
		};
		E36A18681E86706B006195E3 /* Common */ = {
			isa = PBXGroup;
			children = (
				E36A18621E867063006195E3 /* PRCustomTabBarController.swift */,
				E36A18631E867063006195E3 /* PRNavigationController.swift */,
				E36A18641E867063006195E3 /* PRTabBarController.swift */,
				E3237F7A1EFE9B9B000A703F /* PRBaseViewController.swift */,
				913A50D41F0100A9002757AD /* PRBaseView.swift */,
				91BF5EDB1F01382C007993E7 /* PRBaseLabel.swift */,
				91BF5EDD1F013842007993E7 /* PRBaseTextField.swift */,
				91BF5EDF1F013AE7007993E7 /* PRBaseButton.swift */,
				91BF5EE11F013B18007993E7 /* PRBaseImageView.swift */,
				E3237F881F0174D7000A703F /* PRBaseTableView.swift */,
				919209C31F02703800CA5243 /* PRBorderView.swift */,
				912FB7241F0FAE5F0040CE64 /* PRBaseTextView.swift */,
			);
			name = Common;
			sourceTree = "<group>";
		};
		E3769FF31DC5AEDA00C2B383 = {
			isa = PBXGroup;
			children = (
				E3769FFE1DC5AEDA00C2B383 /* PangerCalendar */,
				E376A0131DC5AEDA00C2B383 /* PangerCalendarTests */,
				E376A01E1DC5AEDA00C2B383 /* PangerCalendarUITests */,
				E3769FFD1DC5AEDA00C2B383 /* Products */,
				CFE0C8695219B46EEBF7C746 /* Frameworks */,
				38379E29025316937432CF29 /* Pods */,
			);
			sourceTree = "<group>";
		};
		E3769FFD1DC5AEDA00C2B383 /* Products */ = {
			isa = PBXGroup;
			children = (
				E3769FFC1DC5AEDA00C2B383 /* PangerCalendar.app */,
				E376A0101DC5AEDA00C2B383 /* PangerCalendarTests.xctest */,
				E376A01B1DC5AEDA00C2B383 /* PangerCalendarUITests.xctest */,
			);
			name = Products;
			sourceTree = "<group>";
		};
		E3769FFE1DC5AEDA00C2B383 /* PangerCalendar */ = {
			isa = PBXGroup;
			children = (
				E35460351DC7A04C00C05867 /* Bridge */,
				E3856A741DC5D20D00FEAD80 /* Class */,
				E3856A711DC5D10200FEAD80 /* Resource */,
				E3769FFF1DC5AEDA00C2B383 /* AppDelegate.swift */,
				E376A0061DC5AEDA00C2B383 /* Assets.xcassets */,
				E376A00B1DC5AEDA00C2B383 /* Info.plist */,
			);
			path = PangerCalendar;
			sourceTree = "<group>";
		};
		E376A0131DC5AEDA00C2B383 /* PangerCalendarTests */ = {
			isa = PBXGroup;
			children = (
				E376A0141DC5AEDA00C2B383 /* PangerCalendarTests.swift */,
				E376A0161DC5AEDA00C2B383 /* Info.plist */,
			);
			path = PangerCalendarTests;
			sourceTree = "<group>";
		};
		E376A01E1DC5AEDA00C2B383 /* PangerCalendarUITests */ = {
			isa = PBXGroup;
			children = (
				E376A01F1DC5AEDA00C2B383 /* PangerCalendarUITests.swift */,
				E376A0211DC5AEDA00C2B383 /* Info.plist */,
			);
			path = PangerCalendarUITests;
			sourceTree = "<group>";
		};
		E3856A711DC5D10200FEAD80 /* Resource */ = {
			isa = PBXGroup;
			children = (
				919209E71F03860F00CA5243 /* Config */,
				E36A185D1E8655CD006195E3 /* Image */,
				E35460301DC5FDB800C05867 /* huangli.sqlite */,
				E36A186D1E867444006195E3 /* Localizable.strings */,
			);
			path = Resource;
			sourceTree = "<group>";
		};
		E3856A741DC5D20D00FEAD80 /* Class */ = {
			isa = PBXGroup;
			children = (
				E3EAAE461E005930001478E4 /* Module */,
				E3EAAE371DFB2249001478E4 /* View */,
				E3856A751DC5D24B00FEAD80 /* Controller */,
				E3856A761DC5D24B00FEAD80 /* Model */,
				E3856A771DC5D24B00FEAD80 /* Utils */,
			);
			path = Class;
			sourceTree = "<group>";
		};
		E3856A751DC5D24B00FEAD80 /* Controller */ = {
			isa = PBXGroup;
			children = (
				E3237F761EFE9A83000A703F /* Permanent */,
				E3237F771EFE9AA8000A703F /* Notice */,
				E3237F781EFE9ABA000A703F /* Almanac */,
				E3237F8C1F017E0A000A703F /* Mine */,
			);
			path = Controller;
			sourceTree = "<group>";
		};
		E3856A761DC5D24B00FEAD80 /* Model */ = {
			isa = PBXGroup;
			children = (
				E3237F821EFF77C5000A703F /* PRUserInfo.swift */,
				E3237F841EFF7AD3000A703F /* PRMissionNoticeModel.swift */,
				E3237F861EFF8A70000A703F /* PRUserModel.swift */,
				91D4C4CA1F0913AD009A000D /* PRMineListItem.swift */,
				91D4C50A1F0A3BF3009A000D /* PRSettingItem.swift */,
			);
			path = Model;
			sourceTree = "<group>";
		};
		E3856A771DC5D24B00FEAD80 /* Utils */ = {
			isa = PBXGroup;
			children = (
				919209EB1F039E9200CA5243 /* DataBase */,
				919209EA1F039E8C00CA5243 /* Extension */,
				E36A18801E87CB0E006195E3 /* PRCommonConstant.swift */,
			);
			path = Utils;
			sourceTree = "<group>";
		};
		E3EAAE371DFB2249001478E4 /* View */ = {
			isa = PBXGroup;
			children = (
				E36A18681E86706B006195E3 /* Common */,
			);
			path = View;
			sourceTree = "<group>";
		};
		E3EAAE381DFB2255001478E4 /* Calendar */ = {
			isa = PBXGroup;
			children = (
				E30612191E05B4F200EE83FC /* Images */,
				E3EAAE3F1DFDC1DA001478E4 /* ChinaCalendar */,
				E3EAAE471E01B0DC001478E4 /* PRCalendarLogic.swift */,
				E3EAAE551E01B19D001478E4 /* PRCalendarLogicDelegate.swift */,
				E30612171E059CCC00EE83FC /* PRCalendarMonth.swift */,
				E3F8866E1E73FCB000007B01 /* PRCalendarViewDelegate.swift */,
				E3EAAE491E01B12E001478E4 /* PRCalendarView.swift */,
				E3F288FF1E15777800974C67 /* PRCalendarMonthMarkLocation.swift */,
				E3F886701E7401AC00007B01 /* PRCalendarViewScrollDelegate.swift */,
			);
			name = Calendar;
			path = ../Utils;
			sourceTree = "<group>";
		};
		E3EAAE3F1DFDC1DA001478E4 /* ChinaCalendar */ = {
			isa = PBXGroup;
			children = (
				E3EAAE4B1E01B12E001478E4 /* PRLunarDate.swift */,
				E3EAAE4A1E01B12E001478E4 /* PRChineseFestivalsMgr.swift */,
				E3F288FD1E0FAFF600974C67 /* PRLunarDateAlgorithm.swift */,
				E3EAAE4E1E01B12E001478E4 /* PRSolarTermsMgr.swift */,
				E3F289011E2546CE00974C67 /* unused */,
			);
			name = ChinaCalendar;
			sourceTree = "<group>";
		};
		E3EAAE461E005930001478E4 /* Module */ = {
			isa = PBXGroup;
			children = (
				E36A18761E875F5D006195E3 /* PRTheme.swift */,
				E3EAAE381DFB2255001478E4 /* Calendar */,
			);
			path = Module;
			sourceTree = "<group>";
		};
		E3F289011E2546CE00974C67 /* unused */ = {
			isa = PBXGroup;
			children = (
				E3EAAE4C1E01B12E001478E4 /* PRSolarTermsFormulaCompute.swift */,
				E3EAAE4D1E01B12E001478E4 /* PRSolarTermsManager.swift */,
			);
			name = unused;
			sourceTree = "<group>";
		};
/* End PBXGroup section */

/* Begin PBXNativeTarget section */
		E3769FFB1DC5AEDA00C2B383 /* PangerCalendar */ = {
			isa = PBXNativeTarget;
			buildConfigurationList = E376A0241DC5AEDA00C2B383 /* Build configuration list for PBXNativeTarget "PangerCalendar" */;
			buildPhases = (
				6DD3CDE259143BC8CCE6B78F /* [CP] Check Pods Manifest.lock */,
				E3769FF81DC5AEDA00C2B383 /* Sources */,
				E3769FF91DC5AEDA00C2B383 /* Frameworks */,
				E3769FFA1DC5AEDA00C2B383 /* Resources */,
				C3844E3B23A14E5818281A1D /* [CP] Embed Pods Frameworks */,
				31310D9137459D84A7D4E38E /* [CP] Copy Pods Resources */,
			);
			buildRules = (
			);
			dependencies = (
			);
			name = PangerCalendar;
			productName = PangerCalendar;
			productReference = E3769FFC1DC5AEDA00C2B383 /* PangerCalendar.app */;
			productType = "com.apple.product-type.application";
		};
		E376A00F1DC5AEDA00C2B383 /* PangerCalendarTests */ = {
			isa = PBXNativeTarget;
			buildConfigurationList = E376A0271DC5AEDA00C2B383 /* Build configuration list for PBXNativeTarget "PangerCalendarTests" */;
			buildPhases = (
				2CC7E69E0D14FF2A60975575 /* [CP] Check Pods Manifest.lock */,
				E376A00C1DC5AEDA00C2B383 /* Sources */,
				E376A00D1DC5AEDA00C2B383 /* Frameworks */,
				E376A00E1DC5AEDA00C2B383 /* Resources */,
				9BF615381A5EBAB635B2E812 /* [CP] Embed Pods Frameworks */,
				5D267B72174246A6833A12E2 /* [CP] Copy Pods Resources */,
			);
			buildRules = (
			);
			dependencies = (
				E376A0121DC5AEDA00C2B383 /* PBXTargetDependency */,
			);
			name = PangerCalendarTests;
			productName = PangerCalendarTests;
			productReference = E376A0101DC5AEDA00C2B383 /* PangerCalendarTests.xctest */;
			productType = "com.apple.product-type.bundle.unit-test";
		};
		E376A01A1DC5AEDA00C2B383 /* PangerCalendarUITests */ = {
			isa = PBXNativeTarget;
			buildConfigurationList = E376A02A1DC5AEDA00C2B383 /* Build configuration list for PBXNativeTarget "PangerCalendarUITests" */;
			buildPhases = (
				389F571C365604445EBDEB8A /* [CP] Check Pods Manifest.lock */,
				E376A0171DC5AEDA00C2B383 /* Sources */,
				E376A0181DC5AEDA00C2B383 /* Frameworks */,
				E376A0191DC5AEDA00C2B383 /* Resources */,
				FD99F3212B52443D96AF5B44 /* [CP] Embed Pods Frameworks */,
				74ADF463BBE082E4953A3F2A /* [CP] Copy Pods Resources */,
			);
			buildRules = (
			);
			dependencies = (
				E376A01D1DC5AEDA00C2B383 /* PBXTargetDependency */,
			);
			name = PangerCalendarUITests;
			productName = PangerCalendarUITests;
			productReference = E376A01B1DC5AEDA00C2B383 /* PangerCalendarUITests.xctest */;
			productType = "com.apple.product-type.bundle.ui-testing";
		};
/* End PBXNativeTarget section */

/* Begin PBXProject section */
		E3769FF41DC5AEDA00C2B383 /* Project object */ = {
			isa = PBXProject;
			attributes = {
				LastSwiftUpdateCheck = 0800;
				LastUpgradeCheck = 0800;
				ORGANIZATIONNAME = panger;
				TargetAttributes = {
					E3769FFB1DC5AEDA00C2B383 = {
						CreatedOnToolsVersion = 8.0;
						DevelopmentTeam = F487P9ZKD8;
						LastSwiftMigration = 0800;
						ProvisioningStyle = Automatic;
					};
					E376A00F1DC5AEDA00C2B383 = {
						CreatedOnToolsVersion = 8.0;
						LastSwiftMigration = 0800;
						ProvisioningStyle = Automatic;
						TestTargetID = E3769FFB1DC5AEDA00C2B383;
					};
					E376A01A1DC5AEDA00C2B383 = {
						CreatedOnToolsVersion = 8.0;
						LastSwiftMigration = 0800;
						ProvisioningStyle = Automatic;
						TestTargetID = E3769FFB1DC5AEDA00C2B383;
					};
				};
			};
			buildConfigurationList = E3769FF71DC5AEDA00C2B383 /* Build configuration list for PBXProject "PangerCalendar" */;
			compatibilityVersion = "Xcode 3.2";
			developmentRegion = English;
			hasScannedForEncodings = 0;
			knownRegions = (
				Base,
				"zh-Hans",
				"zh-Hant",
			);
			mainGroup = E3769FF31DC5AEDA00C2B383;
			productRefGroup = E3769FFD1DC5AEDA00C2B383 /* Products */;
			projectDirPath = "";
			projectRoot = "";
			targets = (
				E3769FFB1DC5AEDA00C2B383 /* PangerCalendar */,
				E376A00F1DC5AEDA00C2B383 /* PangerCalendarTests */,
				E376A01A1DC5AEDA00C2B383 /* PangerCalendarUITests */,
			);
		};
/* End PBXProject section */

/* Begin PBXResourcesBuildPhase section */
		E3769FFA1DC5AEDA00C2B383 /* Resources */ = {
			isa = PBXResourcesBuildPhase;
			buildActionMask = 2147483647;
			files = (
				E36A186B1E867444006195E3 /* Localizable.strings in Resources */,
				91D4C4FA1F0A1FA2009A000D /* link_nor@3x.png in Resources */,
				9163DD411F0128DF00E709B8 /* close_button_nor@3x.png in Resources */,
				E30612281E05B4F200EE83FC /* CalendarDayToday.png in Resources */,
				E36A185B1E8655C7006195E3 /* tab_almanac_nor@3x.png in Resources */,
				E3237F801EFF661A000A703F /* back_button_nor@3x.png in Resources */,
				91D4C4DB1F091A93009A000D /* account_about_nor@3x.png in Resources */,
				919209C81F02747000CA5243 /* add_notice_button_sel@3x.png in Resources */,
				912E061C1F0E3E9100FAAF6E /* button_misson_state_done@3x.png in Resources */,
				91D4C4E31F091F93009A000D /* more_data_sel@3x.png in Resources */,
				912FB7321F0FD2E30040CE64 /* CalendarDaySelected@3x.png in Resources */,
				91D4C4C51F091170009A000D /* tab_remind_sel@3x.png in Resources */,
				912FB7301F0FD2A50040CE64 /* CalendarDayTodaySelected@3x.png in Resources */,
				E3237F741EFE9816000A703F /* calendar_more_unfold@3x.png in Resources */,
				E3237F811EFF661A000A703F /* back_button_sel@3x.png in Resources */,
				919209E61F03860900CA5243 /* PRMissionNoticeTable.plist in Resources */,
				E3237F751EFE9816000A703F /* calendar_more_fold@3x.png in Resources */,
				91D4C4E21F091F93009A000D /* more_data_nor@3x.png in Resources */,
				912E061D1F0E3E9100FAAF6E /* button_misson_state_fresh@3x.png in Resources */,
				912FB7291F0FC5EB0040CE64 /* button_today_nor@3x.png in Resources */,
				E376A0071DC5AEDA00C2B383 /* Assets.xcassets in Resources */,
				91D4C4DA1F091A93009A000D /* account_about_sel@3x.png in Resources */,
				912E061B1F0E3E9100FAAF6E /* button_misson_state_doing@3x.png in Resources */,
				E36A187C1E87758A006195E3 /* CalendarDayTodayMark.png in Resources */,
				91D4C4C91F0911FD009A000D /* account_set_nor@3x.png in Resources */,
				91D4C4C31F091170009A000D /* tab_mine_sel@3x.png in Resources */,
				919209C71F02747000CA5243 /* add_notice_button_nor@3x.png in Resources */,
				91D4C4C81F0911FD009A000D /* account_set_sel@3x.png in Resources */,
				91BF5EE41F0149E6007993E7 /* account_filling@3x.png in Resources */,
				912E061E1F0E3E9100FAAF6E /* button_misson_state_timeout@3x.png in Resources */,
				91D4C4C21F091170009A000D /* tab_mine_nor@3x.png in Resources */,
				91D4C4C41F091170009A000D /* tab_remind_nor@3x.png in Resources */,
				9163DD421F0128DF00E709B8 /* close_button_sel@3x.png in Resources */,
				E30612291E05B4F200EE83FC /* CalendarDayTodaySelected.png in Resources */,
				E35460311DC5FDB800C05867 /* huangli.sqlite in Resources */,
				912FB7281F0FC5EB0040CE64 /* button_today_sel@3x.png in Resources */,
				E30612271E05B4F200EE83FC /* CalendarDayTile.png in Resources */,
				912FB72E1F0FD1510040CE64 /* CalendarDayTodayMark@3x.png in Resources */,
				91D4C5091F0A2EAD009A000D /* PRCustomSettingConfig.plist in Resources */,
				9163DD461F012D3700E709B8 /* time_clock@3x.png in Resources */,
				E36A185C1E8655C7006195E3 /* tab_almanac_sel@3x.png in Resources */,
				91D4C4BB1F090AD0009A000D /* MeConfigList.plist in Resources */,
				E30612261E05B4F200EE83FC /* CalendarDaySelected.png in Resources */,
				91D4C4FB1F0A1FA2009A000D /* link_sel@3x.png in Resources */,
				E30612251E05B4F200EE83FC /* CalendarBackground.png in Resources */,
			);
			runOnlyForDeploymentPostprocessing = 0;
		};
		E376A00E1DC5AEDA00C2B383 /* Resources */ = {
			isa = PBXResourcesBuildPhase;
			buildActionMask = 2147483647;
			files = (
			);
			runOnlyForDeploymentPostprocessing = 0;
		};
		E376A0191DC5AEDA00C2B383 /* Resources */ = {
			isa = PBXResourcesBuildPhase;
			buildActionMask = 2147483647;
			files = (
			);
			runOnlyForDeploymentPostprocessing = 0;
		};
/* End PBXResourcesBuildPhase section */

/* Begin PBXShellScriptBuildPhase section */
		2CC7E69E0D14FF2A60975575 /* [CP] Check Pods Manifest.lock */ = {
			isa = PBXShellScriptBuildPhase;
			buildActionMask = 2147483647;
			files = (
			);
			inputPaths = (
			);
			name = "[CP] Check Pods Manifest.lock";
			outputPaths = (
			);
			runOnlyForDeploymentPostprocessing = 0;
			shellPath = /bin/sh;
			shellScript = "diff \"${PODS_ROOT}/../Podfile.lock\" \"${PODS_ROOT}/Manifest.lock\" > /dev/null\nif [ $? != 0 ] ; then\n    # print error to STDERR\n    echo \"error: The sandbox is not in sync with the Podfile.lock. Run 'pod install' or update your CocoaPods installation.\" >&2\n    exit 1\nfi\n";
			showEnvVarsInLog = 0;
		};
		31310D9137459D84A7D4E38E /* [CP] Copy Pods Resources */ = {
			isa = PBXShellScriptBuildPhase;
			buildActionMask = 2147483647;
			files = (
			);
			inputPaths = (
			);
			name = "[CP] Copy Pods Resources";
			outputPaths = (
			);
			runOnlyForDeploymentPostprocessing = 0;
			shellPath = /bin/sh;
			shellScript = "\"${SRCROOT}/Pods/Target Support Files/Pods-PangerCalendar/Pods-PangerCalendar-resources.sh\"\n";
			showEnvVarsInLog = 0;
		};
		389F571C365604445EBDEB8A /* [CP] Check Pods Manifest.lock */ = {
			isa = PBXShellScriptBuildPhase;
			buildActionMask = 2147483647;
			files = (
			);
			inputPaths = (
			);
			name = "[CP] Check Pods Manifest.lock";
			outputPaths = (
			);
			runOnlyForDeploymentPostprocessing = 0;
			shellPath = /bin/sh;
			shellScript = "diff \"${PODS_ROOT}/../Podfile.lock\" \"${PODS_ROOT}/Manifest.lock\" > /dev/null\nif [ $? != 0 ] ; then\n    # print error to STDERR\n    echo \"error: The sandbox is not in sync with the Podfile.lock. Run 'pod install' or update your CocoaPods installation.\" >&2\n    exit 1\nfi\n";
			showEnvVarsInLog = 0;
		};
		5D267B72174246A6833A12E2 /* [CP] Copy Pods Resources */ = {
			isa = PBXShellScriptBuildPhase;
			buildActionMask = 2147483647;
			files = (
			);
			inputPaths = (
			);
			name = "[CP] Copy Pods Resources";
			outputPaths = (
			);
			runOnlyForDeploymentPostprocessing = 0;
			shellPath = /bin/sh;
			shellScript = "\"${SRCROOT}/Pods/Target Support Files/Pods-PangerCalendarTests/Pods-PangerCalendarTests-resources.sh\"\n";
			showEnvVarsInLog = 0;
		};
		6DD3CDE259143BC8CCE6B78F /* [CP] Check Pods Manifest.lock */ = {
			isa = PBXShellScriptBuildPhase;
			buildActionMask = 2147483647;
			files = (
			);
			inputPaths = (
			);
			name = "[CP] Check Pods Manifest.lock";
			outputPaths = (
			);
			runOnlyForDeploymentPostprocessing = 0;
			shellPath = /bin/sh;
			shellScript = "diff \"${PODS_ROOT}/../Podfile.lock\" \"${PODS_ROOT}/Manifest.lock\" > /dev/null\nif [ $? != 0 ] ; then\n    # print error to STDERR\n    echo \"error: The sandbox is not in sync with the Podfile.lock. Run 'pod install' or update your CocoaPods installation.\" >&2\n    exit 1\nfi\n";
			showEnvVarsInLog = 0;
		};
		74ADF463BBE082E4953A3F2A /* [CP] Copy Pods Resources */ = {
			isa = PBXShellScriptBuildPhase;
			buildActionMask = 2147483647;
			files = (
			);
			inputPaths = (
			);
			name = "[CP] Copy Pods Resources";
			outputPaths = (
			);
			runOnlyForDeploymentPostprocessing = 0;
			shellPath = /bin/sh;
			shellScript = "\"${SRCROOT}/Pods/Target Support Files/Pods-PangerCalendarUITests/Pods-PangerCalendarUITests-resources.sh\"\n";
			showEnvVarsInLog = 0;
		};
		9BF615381A5EBAB635B2E812 /* [CP] Embed Pods Frameworks */ = {
			isa = PBXShellScriptBuildPhase;
			buildActionMask = 2147483647;
			files = (
			);
			inputPaths = (
			);
			name = "[CP] Embed Pods Frameworks";
			outputPaths = (
			);
			runOnlyForDeploymentPostprocessing = 0;
			shellPath = /bin/sh;
			shellScript = "\"${SRCROOT}/Pods/Target Support Files/Pods-PangerCalendarTests/Pods-PangerCalendarTests-frameworks.sh\"\n";
			showEnvVarsInLog = 0;
		};
		C3844E3B23A14E5818281A1D /* [CP] Embed Pods Frameworks */ = {
			isa = PBXShellScriptBuildPhase;
			buildActionMask = 2147483647;
			files = (
			);
			inputPaths = (
			);
			name = "[CP] Embed Pods Frameworks";
			outputPaths = (
			);
			runOnlyForDeploymentPostprocessing = 0;
			shellPath = /bin/sh;
			shellScript = "\"${SRCROOT}/Pods/Target Support Files/Pods-PangerCalendar/Pods-PangerCalendar-frameworks.sh\"\n";
			showEnvVarsInLog = 0;
		};
		FD99F3212B52443D96AF5B44 /* [CP] Embed Pods Frameworks */ = {
			isa = PBXShellScriptBuildPhase;
			buildActionMask = 2147483647;
			files = (
			);
			inputPaths = (
			);
			name = "[CP] Embed Pods Frameworks";
			outputPaths = (
			);
			runOnlyForDeploymentPostprocessing = 0;
			shellPath = /bin/sh;
			shellScript = "\"${SRCROOT}/Pods/Target Support Files/Pods-PangerCalendarUITests/Pods-PangerCalendarUITests-frameworks.sh\"\n";
			showEnvVarsInLog = 0;
		};
/* End PBXShellScriptBuildPhase section */

/* Begin PBXSourcesBuildPhase section */
		E3769FF81DC5AEDA00C2B383 /* Sources */ = {
			isa = PBXSourcesBuildPhase;
			buildActionMask = 2147483647;
			files = (
				E3237F891F0174D7000A703F /* PRBaseTableView.swift in Sources */,
				919209CC1F0289E300CA5243 /* PRHuangliDB.swift in Sources */,
				E36A18481E864D89006195E3 /* PRPermanentViewController.swift in Sources */,
				E3EAAE531E01B12E001478E4 /* PRSolarTermsManager.swift in Sources */,
				912FB7251F0FAE5F0040CE64 /* PRBaseTextView.swift in Sources */,
				E33B399F1F113CA80053DFA3 /* DateComponents+Additions.swift in Sources */,
				E3F886711E7401AC00007B01 /* PRCalendarViewScrollDelegate.swift in Sources */,
				E36A18771E875F5D006195E3 /* PRTheme.swift in Sources */,
				E3F288FE1E0FAFF600974C67 /* PRLunarDateAlgorithm.swift in Sources */,
				919209E91F039A1500CA5243 /* PRUserInfoDB.swift in Sources */,
				E36A184D1E864E67006195E3 /* PRAlmanacViewController.swift in Sources */,
				913A50D51F0100A9002757AD /* PRBaseView.swift in Sources */,
				E36A18831E87E4B4006195E3 /* PRDayDetailView.swift in Sources */,
				E3237F901F0AADB9000A703F /* PRTimeLineViewController.swift in Sources */,
				E3856A791DC5D28500FEAD80 /* PRDatabaseOperate.swift in Sources */,
				91BF5EDC1F01382C007993E7 /* PRBaseLabel.swift in Sources */,
				E3237F871EFF8A70000A703F /* PRUserModel.swift in Sources */,
				919209C41F02703800CA5243 /* PRBorderView.swift in Sources */,
				91D4C4BD1F090B5A009A000D /* PRSettingViewController.swift in Sources */,
				E376A0001DC5AEDA00C2B383 /* AppDelegate.swift in Sources */,
				E3EAAE481E01B0DC001478E4 /* PRCalendarLogic.swift in Sources */,
				E3237F7D1EFE9BC1000A703F /* PRMissionAddViewController.swift in Sources */,
				E36A18811E87CB0E006195E3 /* PRCommonConstant.swift in Sources */,
				91D4C50B1F0A3BF3009A000D /* PRSettingItem.swift in Sources */,
				E36A18851E88132E006195E3 /* Date+Additions.swift in Sources */,
				91D4C4CB1F0913AD009A000D /* PRMineListItem.swift in Sources */,
				E3237F851EFF7AD3000A703F /* PRMissionNoticeModel.swift in Sources */,
				E3EAAE521E01B12E001478E4 /* PRSolarTermsFormulaCompute.swift in Sources */,
				E3EAAE4F1E01B12E001478E4 /* PRCalendarView.swift in Sources */,
				E3EAAE541E01B12E001478E4 /* PRSolarTermsMgr.swift in Sources */,
				91BF5EE01F013AE7007993E7 /* PRBaseButton.swift in Sources */,
				E36A18661E867063006195E3 /* PRNavigationController.swift in Sources */,
				E313E78F1E8BFFD8005F5845 /* PRCurrentMonthTitleView.swift in Sources */,
				E3F8866F1E73FCB000007B01 /* PRCalendarViewDelegate.swift in Sources */,
				E36A18651E867063006195E3 /* PRCustomTabBarController.swift in Sources */,
				91BF5EE21F013B18007993E7 /* PRBaseImageView.swift in Sources */,
				E36A18791E8762BB006195E3 /* UIColor+Additions.swift in Sources */,
				91D4C4DD1F091AB7009A000D /* PRAboutViewController.swift in Sources */,
				E30612181E059CCC00EE83FC /* PRCalendarMonth.swift in Sources */,
				91D4C4DF1F091D80009A000D /* NSObject+Additions.swift in Sources */,
				91D4C50D1F0A6B05009A000D /* UserDefaults+Additions.swift in Sources */,
				E36A184A1E864E11006195E3 /* PRMissionListViewController.swift in Sources */,
				E3EAAE501E01B12E001478E4 /* PRChineseFestivalsMgr.swift in Sources */,
				E3237F8E1F0AAD95000A703F /* PRMissionEditViewController.swift in Sources */,
				91BF5EDE1F013842007993E7 /* PRBaseTextField.swift in Sources */,
				E3237F831EFF77C5000A703F /* PRUserInfo.swift in Sources */,
				912E06201F0E80D100FAAF6E /* PRMissionDetailViewController.swift in Sources */,
				E3237F7B1EFE9B9B000A703F /* PRBaseViewController.swift in Sources */,
				E313E7911E8D5F2C005F5845 /* PRDatePickView.swift in Sources */,
				919209F01F039F0000CA5243 /* String+Additions.swift in Sources */,
				E3F289001E15777800974C67 /* PRCalendarMonthMarkLocation.swift in Sources */,
				919209CE1F028FCA00CA5243 /* PRMissonsData.swift in Sources */,
				E3EAAE561E01B19D001478E4 /* PRCalendarLogicDelegate.swift in Sources */,
				E35460371DC7A08F00C05867 /* PRDatabaseManager.swift in Sources */,
				E3EAAE511E01B12E001478E4 /* PRLunarDate.swift in Sources */,
				E36A18671E867063006195E3 /* PRTabBarController.swift in Sources */,
				E33B399C1F11084A0053DFA3 /* PRTimePickerView.swift in Sources */,
				E3237F8B1F017E01000A703F /* PRMineViewController.swift in Sources */,
			);
			runOnlyForDeploymentPostprocessing = 0;
		};
		E376A00C1DC5AEDA00C2B383 /* Sources */ = {
			isa = PBXSourcesBuildPhase;
			buildActionMask = 2147483647;
			files = (
				E376A0151DC5AEDA00C2B383 /* PangerCalendarTests.swift in Sources */,
			);
			runOnlyForDeploymentPostprocessing = 0;
		};
		E376A0171DC5AEDA00C2B383 /* Sources */ = {
			isa = PBXSourcesBuildPhase;
			buildActionMask = 2147483647;
			files = (
				E376A0201DC5AEDA00C2B383 /* PangerCalendarUITests.swift in Sources */,
			);
			runOnlyForDeploymentPostprocessing = 0;
		};
/* End PBXSourcesBuildPhase section */

/* Begin PBXTargetDependency section */
		E376A0121DC5AEDA00C2B383 /* PBXTargetDependency */ = {
			isa = PBXTargetDependency;
			target = E3769FFB1DC5AEDA00C2B383 /* PangerCalendar */;
			targetProxy = E376A0111DC5AEDA00C2B383 /* PBXContainerItemProxy */;
		};
		E376A01D1DC5AEDA00C2B383 /* PBXTargetDependency */ = {
			isa = PBXTargetDependency;
			target = E3769FFB1DC5AEDA00C2B383 /* PangerCalendar */;
			targetProxy = E376A01C1DC5AEDA00C2B383 /* PBXContainerItemProxy */;
		};
/* End PBXTargetDependency section */

/* Begin PBXVariantGroup section */
		E36A186D1E867444006195E3 /* Localizable.strings */ = {
			isa = PBXVariantGroup;
			children = (
				E36A186E1E86748A006195E3 /* zh-Hans */,
				E36A186F1E867490006195E3 /* zh-Hant */,
			);
			name = Localizable.strings;
			sourceTree = "<group>";
		};
		E36A187E1E87758A006195E3 /* CalendarDayTodayMark.png */ = {
			isa = PBXVariantGroup;
			children = (
				E36A187D1E87758A006195E3 /* zh-Hant */,
				E36A187F1E877590006195E3 /* zh-Hans */,
			);
			name = CalendarDayTodayMark.png;
			sourceTree = "<group>";
		};
/* End PBXVariantGroup section */

/* Begin XCBuildConfiguration section */
		E376A0221DC5AEDA00C2B383 /* Debug */ = {
			isa = XCBuildConfiguration;
			buildSettings = {
				ALWAYS_SEARCH_USER_PATHS = NO;
				CLANG_ANALYZER_LOCALIZABILITY_NONLOCALIZED = YES;
				CLANG_ANALYZER_NONNULL = YES;
				CLANG_CXX_LANGUAGE_STANDARD = "gnu++0x";
				CLANG_CXX_LIBRARY = "libc++";
				CLANG_ENABLE_MODULES = YES;
				CLANG_ENABLE_OBJC_ARC = YES;
				CLANG_WARN_BOOL_CONVERSION = YES;
				CLANG_WARN_CONSTANT_CONVERSION = YES;
				CLANG_WARN_DIRECT_OBJC_ISA_USAGE = YES_ERROR;
				CLANG_WARN_DOCUMENTATION_COMMENTS = YES;
				CLANG_WARN_EMPTY_BODY = YES;
				CLANG_WARN_ENUM_CONVERSION = YES;
				CLANG_WARN_INFINITE_RECURSION = YES;
				CLANG_WARN_INT_CONVERSION = YES;
				CLANG_WARN_OBJC_ROOT_CLASS = YES_ERROR;
				CLANG_WARN_SUSPICIOUS_MOVE = YES;
				CLANG_WARN_SUSPICIOUS_MOVES = YES;
				CLANG_WARN_UNREACHABLE_CODE = YES;
				CLANG_WARN__DUPLICATE_METHOD_MATCH = YES;
				CODE_SIGN_IDENTITY = "iPhone Developer: 勇强 丁 (CSD7QYN5Q7)";
				"CODE_SIGN_IDENTITY[sdk=iphoneos*]" = "iPhone Developer";
				COPY_PHASE_STRIP = NO;
				DEBUG_INFORMATION_FORMAT = dwarf;
				ENABLE_STRICT_OBJC_MSGSEND = YES;
				ENABLE_TESTABILITY = YES;
				GCC_C_LANGUAGE_STANDARD = gnu99;
				GCC_DYNAMIC_NO_PIC = NO;
				GCC_NO_COMMON_BLOCKS = YES;
				GCC_OPTIMIZATION_LEVEL = 0;
				GCC_PREPROCESSOR_DEFINITIONS = (
					"DEBUG=1",
					"$(inherited)",
				);
				GCC_WARN_64_TO_32_BIT_CONVERSION = YES;
				GCC_WARN_ABOUT_RETURN_TYPE = YES_ERROR;
				GCC_WARN_UNDECLARED_SELECTOR = YES;
				GCC_WARN_UNINITIALIZED_AUTOS = YES_AGGRESSIVE;
				GCC_WARN_UNUSED_FUNCTION = YES;
				GCC_WARN_UNUSED_VARIABLE = YES;
				IPHONEOS_DEPLOYMENT_TARGET = 8.0;
				MTL_ENABLE_DEBUG_INFO = YES;
				ONLY_ACTIVE_ARCH = YES;
				SDKROOT = iphoneos;
				SWIFT_ACTIVE_COMPILATION_CONDITIONS = DEBUG;
				SWIFT_OBJC_BRIDGING_HEADER = PangerCalendar/PRBridgeHeader.h;
				SWIFT_OPTIMIZATION_LEVEL = "-Onone";
			};
			name = Debug;
		};
		E376A0231DC5AEDA00C2B383 /* Release */ = {
			isa = XCBuildConfiguration;
			buildSettings = {
				ALWAYS_SEARCH_USER_PATHS = NO;
				CLANG_ANALYZER_LOCALIZABILITY_NONLOCALIZED = YES;
				CLANG_ANALYZER_NONNULL = YES;
				CLANG_CXX_LANGUAGE_STANDARD = "gnu++0x";
				CLANG_CXX_LIBRARY = "libc++";
				CLANG_ENABLE_MODULES = YES;
				CLANG_ENABLE_OBJC_ARC = YES;
				CLANG_WARN_BOOL_CONVERSION = YES;
				CLANG_WARN_CONSTANT_CONVERSION = YES;
				CLANG_WARN_DIRECT_OBJC_ISA_USAGE = YES_ERROR;
				CLANG_WARN_DOCUMENTATION_COMMENTS = YES;
				CLANG_WARN_EMPTY_BODY = YES;
				CLANG_WARN_ENUM_CONVERSION = YES;
				CLANG_WARN_INFINITE_RECURSION = YES;
				CLANG_WARN_INT_CONVERSION = YES;
				CLANG_WARN_OBJC_ROOT_CLASS = YES_ERROR;
				CLANG_WARN_SUSPICIOUS_MOVE = YES;
				CLANG_WARN_SUSPICIOUS_MOVES = YES;
				CLANG_WARN_UNREACHABLE_CODE = YES;
				CLANG_WARN__DUPLICATE_METHOD_MATCH = YES;
				CODE_SIGN_IDENTITY = "iPhone Developer: 勇强 丁 (CSD7QYN5Q7)";
				"CODE_SIGN_IDENTITY[sdk=iphoneos*]" = "iPhone Developer: dingyq.nwpu@gmail.com (JRJ38QL476)";
				COPY_PHASE_STRIP = NO;
				DEBUG_INFORMATION_FORMAT = "dwarf-with-dsym";
				ENABLE_NS_ASSERTIONS = NO;
				ENABLE_STRICT_OBJC_MSGSEND = YES;
				GCC_C_LANGUAGE_STANDARD = gnu99;
				GCC_NO_COMMON_BLOCKS = YES;
				GCC_WARN_64_TO_32_BIT_CONVERSION = YES;
				GCC_WARN_ABOUT_RETURN_TYPE = YES_ERROR;
				GCC_WARN_UNDECLARED_SELECTOR = YES;
				GCC_WARN_UNINITIALIZED_AUTOS = YES_AGGRESSIVE;
				GCC_WARN_UNUSED_FUNCTION = YES;
				GCC_WARN_UNUSED_VARIABLE = YES;
				IPHONEOS_DEPLOYMENT_TARGET = 8.0;
				MTL_ENABLE_DEBUG_INFO = NO;
				SDKROOT = iphoneos;
				SWIFT_OBJC_BRIDGING_HEADER = PangerCalendar/PRBridgeHeader.h;
				SWIFT_OPTIMIZATION_LEVEL = "-Owholemodule";
				VALIDATE_PRODUCT = YES;
			};
			name = Release;
		};
		E376A0251DC5AEDA00C2B383 /* Debug */ = {
			isa = XCBuildConfiguration;
			baseConfigurationReference = E895E1F8E3ECFCF0121FFFC0 /* Pods-PangerCalendar.debug.xcconfig */;
			buildSettings = {
				ASSETCATALOG_COMPILER_APPICON_NAME = AppIcon;
				ASSETCATALOG_COMPILER_LAUNCHIMAGE_NAME = LaunchImage;
				DEVELOPMENT_TEAM = F487P9ZKD8;
				FRAMEWORK_SEARCH_PATHS = "$(inherited)";
				HEADER_SEARCH_PATHS = (
					"${PODS_ROOT}/FMDB/src/fmdb",
					"${PODS_ROOT}/Masonry/Masonry",
				);
				INFOPLIST_FILE = PangerCalendar/Info.plist;
				IPHONEOS_DEPLOYMENT_TARGET = 8.0;
				LD_RUNPATH_SEARCH_PATHS = "$(inherited) @executable_path/Frameworks";
				PRODUCT_BUNDLE_IDENTIFIER = com.panger.PangerCalendar;
				PRODUCT_NAME = "$(TARGET_NAME)";
				SWIFT_OBJC_BRIDGING_HEADER = PangerCalendar/PRBridgeHeader.h;
				SWIFT_VERSION = 3.0;
				USER_HEADER_SEARCH_PATHS = "";
			};
			name = Debug;
		};
		E376A0261DC5AEDA00C2B383 /* Release */ = {
			isa = XCBuildConfiguration;
			baseConfigurationReference = 4FD3FFE20DB8262D94A722DA /* Pods-PangerCalendar.release.xcconfig */;
			buildSettings = {
				ASSETCATALOG_COMPILER_APPICON_NAME = AppIcon;
				ASSETCATALOG_COMPILER_LAUNCHIMAGE_NAME = LaunchImage;
				DEVELOPMENT_TEAM = F487P9ZKD8;
				FRAMEWORK_SEARCH_PATHS = "$(inherited)";
				HEADER_SEARCH_PATHS = (
					"${PODS_ROOT}/FMDB/src/fmdb",
					"${PODS_ROOT}/Masonry/Masonry",
				);
				INFOPLIST_FILE = PangerCalendar/Info.plist;
				IPHONEOS_DEPLOYMENT_TARGET = 8.0;
				LD_RUNPATH_SEARCH_PATHS = "$(inherited) @executable_path/Frameworks";
				PRODUCT_BUNDLE_IDENTIFIER = com.panger.PangerCalendar;
				PRODUCT_NAME = "$(TARGET_NAME)";
				SWIFT_OBJC_BRIDGING_HEADER = PangerCalendar/PRBridgeHeader.h;
				SWIFT_VERSION = 3.0;
				USER_HEADER_SEARCH_PATHS = "";
			};
			name = Release;
		};
		E376A0281DC5AEDA00C2B383 /* Debug */ = {
			isa = XCBuildConfiguration;
			baseConfigurationReference = E333A1FDD7A1C6F7CC1CAAD4 /* Pods-PangerCalendarTests.debug.xcconfig */;
			buildSettings = {
				ALWAYS_EMBED_SWIFT_STANDARD_LIBRARIES = YES;
				BUNDLE_LOADER = "$(TEST_HOST)";
				INFOPLIST_FILE = PangerCalendarTests/Info.plist;
				LD_RUNPATH_SEARCH_PATHS = "$(inherited) @executable_path/Frameworks @loader_path/Frameworks";
				PRODUCT_BUNDLE_IDENTIFIER = com.panger.PangerCalendarTests;
				PRODUCT_NAME = "$(TARGET_NAME)";
				SWIFT_VERSION = 3.0;
				TEST_HOST = "$(BUILT_PRODUCTS_DIR)/PangerCalendar.app/PangerCalendar";
			};
			name = Debug;
		};
		E376A0291DC5AEDA00C2B383 /* Release */ = {
			isa = XCBuildConfiguration;
			baseConfigurationReference = 448DB95C066D0CA508FA7B19 /* Pods-PangerCalendarTests.release.xcconfig */;
			buildSettings = {
				ALWAYS_EMBED_SWIFT_STANDARD_LIBRARIES = YES;
				BUNDLE_LOADER = "$(TEST_HOST)";
				INFOPLIST_FILE = PangerCalendarTests/Info.plist;
				LD_RUNPATH_SEARCH_PATHS = "$(inherited) @executable_path/Frameworks @loader_path/Frameworks";
				PRODUCT_BUNDLE_IDENTIFIER = com.panger.PangerCalendarTests;
				PRODUCT_NAME = "$(TARGET_NAME)";
				SWIFT_VERSION = 3.0;
				TEST_HOST = "$(BUILT_PRODUCTS_DIR)/PangerCalendar.app/PangerCalendar";
			};
			name = Release;
		};
		E376A02B1DC5AEDA00C2B383 /* Debug */ = {
			isa = XCBuildConfiguration;
			baseConfigurationReference = B8EC0B514E480A8B103CF244 /* Pods-PangerCalendarUITests.debug.xcconfig */;
			buildSettings = {
				ALWAYS_EMBED_SWIFT_STANDARD_LIBRARIES = YES;
				INFOPLIST_FILE = PangerCalendarUITests/Info.plist;
				LD_RUNPATH_SEARCH_PATHS = "$(inherited) @executable_path/Frameworks @loader_path/Frameworks";
				PRODUCT_BUNDLE_IDENTIFIER = com.panger.PangerCalendarUITests;
				PRODUCT_NAME = "$(TARGET_NAME)";
				SWIFT_VERSION = 3.0;
				TEST_TARGET_NAME = PangerCalendar;
			};
			name = Debug;
		};
		E376A02C1DC5AEDA00C2B383 /* Release */ = {
			isa = XCBuildConfiguration;
			baseConfigurationReference = 67EBC8D145520D245DF22331 /* Pods-PangerCalendarUITests.release.xcconfig */;
			buildSettings = {
				ALWAYS_EMBED_SWIFT_STANDARD_LIBRARIES = YES;
				INFOPLIST_FILE = PangerCalendarUITests/Info.plist;
				LD_RUNPATH_SEARCH_PATHS = "$(inherited) @executable_path/Frameworks @loader_path/Frameworks";
				PRODUCT_BUNDLE_IDENTIFIER = com.panger.PangerCalendarUITests;
				PRODUCT_NAME = "$(TARGET_NAME)";
				SWIFT_VERSION = 3.0;
				TEST_TARGET_NAME = PangerCalendar;
			};
			name = Release;
		};
/* End XCBuildConfiguration section */

/* Begin XCConfigurationList section */
		E3769FF71DC5AEDA00C2B383 /* Build configuration list for PBXProject "PangerCalendar" */ = {
			isa = XCConfigurationList;
			buildConfigurations = (
				E376A0221DC5AEDA00C2B383 /* Debug */,
				E376A0231DC5AEDA00C2B383 /* Release */,
			);
			defaultConfigurationIsVisible = 0;
			defaultConfigurationName = Release;
		};
		E376A0241DC5AEDA00C2B383 /* Build configuration list for PBXNativeTarget "PangerCalendar" */ = {
			isa = XCConfigurationList;
			buildConfigurations = (
				E376A0251DC5AEDA00C2B383 /* Debug */,
				E376A0261DC5AEDA00C2B383 /* Release */,
			);
			defaultConfigurationIsVisible = 0;
			defaultConfigurationName = Release;
		};
		E376A0271DC5AEDA00C2B383 /* Build configuration list for PBXNativeTarget "PangerCalendarTests" */ = {
			isa = XCConfigurationList;
			buildConfigurations = (
				E376A0281DC5AEDA00C2B383 /* Debug */,
				E376A0291DC5AEDA00C2B383 /* Release */,
			);
			defaultConfigurationIsVisible = 0;
			defaultConfigurationName = Release;
		};
		E376A02A1DC5AEDA00C2B383 /* Build configuration list for PBXNativeTarget "PangerCalendarUITests" */ = {
			isa = XCConfigurationList;
			buildConfigurations = (
				E376A02B1DC5AEDA00C2B383 /* Debug */,
				E376A02C1DC5AEDA00C2B383 /* Release */,
			);
			defaultConfigurationIsVisible = 0;
			defaultConfigurationName = Release;
		};
/* End XCConfigurationList section */
	};
	rootObject = E3769FF41DC5AEDA00C2B383 /* Project object */;
}
